// !$*UTF8*$!
{
	archiveVersion = 1;
	classes = {
	};
	objectVersion = 56;
	objects = {

/* Begin PBXBuildFile section */
		403507FE2C2ACB69001452C0 /* MainTabView.swift in Sources */ = {isa = PBXBuildFile; fileRef = 403507FD2C2ACB69001452C0 /* MainTabView.swift */; };
		406D8A442C22957200A4B724 /* SignInApple.swift in Sources */ = {isa = PBXBuildFile; fileRef = 406D8A432C22957200A4B724 /* SignInApple.swift */; };
		406D8A492C22974A00A4B724 /* Nunito-Regular.ttf in Resources */ = {isa = PBXBuildFile; fileRef = 406D8A482C22974A00A4B724 /* Nunito-Regular.ttf */; };
		406D8A4B2C22975700A4B724 /* Nunito-Bold.ttf in Resources */ = {isa = PBXBuildFile; fileRef = 406D8A4A2C22975700A4B724 /* Nunito-Bold.ttf */; };
		408B53E32C1A94D5003DE834 /* CooworkaApp.swift in Sources */ = {isa = PBXBuildFile; fileRef = 408B53E22C1A94D5003DE834 /* CooworkaApp.swift */; };
		408B53E52C1A94D5003DE834 /* ContentView.swift in Sources */ = {isa = PBXBuildFile; fileRef = 408B53E42C1A94D5003DE834 /* ContentView.swift */; };
		408B53E72C1A94D7003DE834 /* Assets.xcassets in Resources */ = {isa = PBXBuildFile; fileRef = 408B53E62C1A94D7003DE834 /* Assets.xcassets */; };
		408B53EA2C1A94D7003DE834 /* Preview Assets.xcassets in Resources */ = {isa = PBXBuildFile; fileRef = 408B53E92C1A94D7003DE834 /* Preview Assets.xcassets */; };
		408B53F42C1A94D7003DE834 /* CooworkaTests.swift in Sources */ = {isa = PBXBuildFile; fileRef = 408B53F32C1A94D7003DE834 /* CooworkaTests.swift */; };
		408B53FE2C1A94D7003DE834 /* CooworkaUITests.swift in Sources */ = {isa = PBXBuildFile; fileRef = 408B53FD2C1A94D7003DE834 /* CooworkaUITests.swift */; };
		408B54002C1A94D7003DE834 /* CooworkaUITestsLaunchTests.swift in Sources */ = {isa = PBXBuildFile; fileRef = 408B53FF2C1A94D7003DE834 /* CooworkaUITestsLaunchTests.swift */; };
		630758FE2C29470A00AD7241 /* PhotoPicker.swift in Sources */ = {isa = PBXBuildFile; fileRef = 630758FD2C29470A00AD7241 /* PhotoPicker.swift */; };
		630C1EB42C23DFDE007A5CA7 /* YesOrNoRating.swift in Sources */ = {isa = PBXBuildFile; fileRef = 630C1EB32C23DFDE007A5CA7 /* YesOrNoRating.swift */; };
		630C1EB62C23F20F007A5CA7 /* PreviewYesNoButton.swift in Sources */ = {isa = PBXBuildFile; fileRef = 630C1EB52C23F20F007A5CA7 /* PreviewYesNoButton.swift */; };
		633C48F42C25C9C600BC6B8D /* FotoElement.swift in Sources */ = {isa = PBXBuildFile; fileRef = 633C48F32C25C9C600BC6B8D /* FotoElement.swift */; };
		633C48F72C25CFCA00BC6B8D /* ReviewExtra.swift in Sources */ = {isa = PBXBuildFile; fileRef = 633C48F62C25CFCA00BC6B8D /* ReviewExtra.swift */; };
		63807E922C290E1B0066FCDB /* WiFiElement.swift in Sources */ = {isa = PBXBuildFile; fileRef = 63807E912C290E1B0066FCDB /* WiFiElement.swift */; };
		63807E962C291D8E0066FCDB /* WiFiRatingComponent.swift in Sources */ = {isa = PBXBuildFile; fileRef = 63807E952C291D8E0066FCDB /* WiFiRatingComponent.swift */; };
		63807E992C2921C80066FCDB /* HargaElement.swift in Sources */ = {isa = PBXBuildFile; fileRef = 63807E982C2921C80066FCDB /* HargaElement.swift */; };
		63807E9B2C2921D10066FCDB /* HargaComponent.swift in Sources */ = {isa = PBXBuildFile; fileRef = 63807E9A2C2921D10066FCDB /* HargaComponent.swift */; };
		63819FBE2C244A2500826F04 /* ReviewPage2.swift in Sources */ = {isa = PBXBuildFile; fileRef = 63819FBD2C244A2500826F04 /* ReviewPage2.swift */; };
		63819FC02C2469A300826F04 /* SocketQty.swift in Sources */ = {isa = PBXBuildFile; fileRef = 63819FBF2C2469A300826F04 /* SocketQty.swift */; };
		63819FC22C246CDE00826F04 /* QtyComponent.swift in Sources */ = {isa = PBXBuildFile; fileRef = 63819FC12C246CDE00826F04 /* QtyComponent.swift */; };
		63819FC42C247EED00826F04 /* EmoticonComponent.swift in Sources */ = {isa = PBXBuildFile; fileRef = 63819FC32C247EED00826F04 /* EmoticonComponent.swift */; };
		63819FC62C24819400826F04 /* EmotNText.swift in Sources */ = {isa = PBXBuildFile; fileRef = 63819FC52C24819400826F04 /* EmotNText.swift */; };
		638230872C2B089800AC82E4 /* LevelProfile.swift in Sources */ = {isa = PBXBuildFile; fileRef = 638230862C2B089800AC82E4 /* LevelProfile.swift */; };
		63B5C7552C2520300056341A /* ReviewPage3.swift in Sources */ = {isa = PBXBuildFile; fileRef = 63B5C7542C2520300056341A /* ReviewPage3.swift */; };
		63B5C7572C25211E0056341A /* KetersediaanParkirElement.swift in Sources */ = {isa = PBXBuildFile; fileRef = 63B5C7562C25211E0056341A /* KetersediaanParkirElement.swift */; };
		63B87F462C25BF6F00EEE984 /* KetersediaanParkir.swift in Sources */ = {isa = PBXBuildFile; fileRef = 63B87F452C25BF6F00EEE984 /* KetersediaanParkir.swift */; };
		63B96D862C23249300078480 /* ReviewPageInitial.swift in Sources */ = {isa = PBXBuildFile; fileRef = 63B96D852C23249300078480 /* ReviewPageInitial.swift */; };
		63B96D882C232E3300078480 /* ReviewPage1.swift in Sources */ = {isa = PBXBuildFile; fileRef = 63B96D872C232E3300078480 /* ReviewPage1.swift */; };
		63B96D8B2C2338A900078480 /* LineProgressReview.swift in Sources */ = {isa = PBXBuildFile; fileRef = 63B96D8A2C2338A900078480 /* LineProgressReview.swift */; };
		63D288082C2A5E6500BCCEC7 /* PopUpBelumdiTempat.swift in Sources */ = {isa = PBXBuildFile; fileRef = 63D288072C2A5E6500BCCEC7 /* PopUpBelumdiTempat.swift */; };
		63D2880B2C2A715700BCCEC7 /* ListCafe.swift in Sources */ = {isa = PBXBuildFile; fileRef = 63D2880A2C2A715700BCCEC7 /* ListCafe.swift */; };
		63D2880D2C2A716E00BCCEC7 /* NearbyViewModel.swift in Sources */ = {isa = PBXBuildFile; fileRef = 63D2880C2C2A716E00BCCEC7 /* NearbyViewModel.swift */; };
		63D2880F2C2A719000BCCEC7 /* PageDetailView.swift in Sources */ = {isa = PBXBuildFile; fileRef = 63D2880E2C2A719000BCCEC7 /* PageDetailView.swift */; };
		63D288112C2A71AC00BCCEC7 /* PageExplore.swift in Sources */ = {isa = PBXBuildFile; fileRef = 63D288102C2A71AC00BCCEC7 /* PageExplore.swift */; };
		63D288132C2A71BF00BCCEC7 /* PageSearchCafeView.swift in Sources */ = {isa = PBXBuildFile; fileRef = 63D288122C2A71BF00BCCEC7 /* PageSearchCafeView.swift */; };
		63D288152C2A71D200BCCEC7 /* SearchViewModel.swift in Sources */ = {isa = PBXBuildFile; fileRef = 63D288142C2A71D200BCCEC7 /* SearchViewModel.swift */; };
		63D2881A2C2A725A00BCCEC7 /* CafeReviewCardView.swift in Sources */ = {isa = PBXBuildFile; fileRef = 63D288192C2A725A00BCCEC7 /* CafeReviewCardView.swift */; };
		63D2881C2C2A728000BCCEC7 /* DetailSearchView.swift in Sources */ = {isa = PBXBuildFile; fileRef = 63D2881B2C2A728000BCCEC7 /* DetailSearchView.swift */; };
		63D2881E2C2A729500BCCEC7 /* FormatFloatHelper.swift in Sources */ = {isa = PBXBuildFile; fileRef = 63D2881D2C2A729500BCCEC7 /* FormatFloatHelper.swift */; };
		63D288202C2A72A700BCCEC7 /* InfoCardView.swift in Sources */ = {isa = PBXBuildFile; fileRef = 63D2881F2C2A72A700BCCEC7 /* InfoCardView.swift */; };
		63D288222C2A72B600BCCEC7 /* LocationView.swift in Sources */ = {isa = PBXBuildFile; fileRef = 63D288212C2A72B600BCCEC7 /* LocationView.swift */; };
		63D288242C2A72C700BCCEC7 /* NearbyCardView.swift in Sources */ = {isa = PBXBuildFile; fileRef = 63D288232C2A72C700BCCEC7 /* NearbyCardView.swift */; };
		63D288262C2A72DC00BCCEC7 /* ReviewCardView.swift in Sources */ = {isa = PBXBuildFile; fileRef = 63D288252C2A72DC00BCCEC7 /* ReviewCardView.swift */; };
		63D288292C2A733300BCCEC7 /* AktivitasPageView.swift in Sources */ = {isa = PBXBuildFile; fileRef = 63D288282C2A733300BCCEC7 /* AktivitasPageView.swift */; };
		63D2882B2C2A734600BCCEC7 /* FavoritePageView.swift in Sources */ = {isa = PBXBuildFile; fileRef = 63D2882A2C2A734600BCCEC7 /* FavoritePageView.swift */; };
		63D2882E2C2A736300BCCEC7 /* DetailCardView.swift in Sources */ = {isa = PBXBuildFile; fileRef = 63D2882D2C2A736300BCCEC7 /* DetailCardView.swift */; };
		63D288302C2A737000BCCEC7 /* RiwayatCardView.swift in Sources */ = {isa = PBXBuildFile; fileRef = 63D2882F2C2A737000BCCEC7 /* RiwayatCardView.swift */; };
		63D333C42C21E17800036379 /* Cafe.swift in Sources */ = {isa = PBXBuildFile; fileRef = 63D333C32C21E17800036379 /* Cafe.swift */; };
		63D333C62C21E38D00036379 /* Check In.swift in Sources */ = {isa = PBXBuildFile; fileRef = 63D333C52C21E38D00036379 /* Check In.swift */; };
		63D333C82C21E39600036379 /* User.swift in Sources */ = {isa = PBXBuildFile; fileRef = 63D333C72C21E39600036379 /* User.swift */; };
		63D333CA2C21E3A200036379 /* Review.swift in Sources */ = {isa = PBXBuildFile; fileRef = 63D333C92C21E3A200036379 /* Review.swift */; };
		63D333CC2C21E3AD00036379 /* Quick Survey.swift in Sources */ = {isa = PBXBuildFile; fileRef = 63D333CB2C21E3AD00036379 /* Quick Survey.swift */; };
		63D333CE2C21E3B300036379 /* User Level.swift in Sources */ = {isa = PBXBuildFile; fileRef = 63D333CD2C21E3B300036379 /* User Level.swift */; };
		63D333D02C21E3B900036379 /* Foto.swift in Sources */ = {isa = PBXBuildFile; fileRef = 63D333CF2C21E3B900036379 /* Foto.swift */; };
		63D333D22C21E3BE00036379 /* Level.swift in Sources */ = {isa = PBXBuildFile; fileRef = 63D333D12C21E3BE00036379 /* Level.swift */; };
		63D45AFC2C23CDE100FEC85A /* StarRatingComponent.swift in Sources */ = {isa = PBXBuildFile; fileRef = 63D45AFB2C23CDE100FEC85A /* StarRatingComponent.swift */; };
		63D45AFE2C23D1F000FEC85A /* StarRating.swift in Sources */ = {isa = PBXBuildFile; fileRef = 63D45AFD2C23D1F000FEC85A /* StarRating.swift */; };
		63E3B31E2C29AD7500CCF7ED /* PopUpSmall.swift in Sources */ = {isa = PBXBuildFile; fileRef = 63E3B31D2C29AD7500CCF7ED /* PopUpSmall.swift */; };
		63E3B3202C29BFEF00CCF7ED /* OpenChest.swift in Sources */ = {isa = PBXBuildFile; fileRef = 63E3B31F2C29BFEF00CCF7ED /* OpenChest.swift */; };
		63E3B3232C29D20000CCF7ED /* PhotoProfileComponent.swift in Sources */ = {isa = PBXBuildFile; fileRef = 63E3B3222C29D20000CCF7ED /* PhotoProfileComponent.swift */; };
		63E3B3252C29D33000CCF7ED /* ReviewHelpfulComponent.swift in Sources */ = {isa = PBXBuildFile; fileRef = 63E3B3242C29D32F00CCF7ED /* ReviewHelpfulComponent.swift */; };
		63E3B3272C29D3A000CCF7ED /* ReviewHelpfulStat.swift in Sources */ = {isa = PBXBuildFile; fileRef = 63E3B3262C29D3A000CCF7ED /* ReviewHelpfulStat.swift */; };
		63E3B3292C29D3EC00CCF7ED /* Profile.swift in Sources */ = {isa = PBXBuildFile; fileRef = 63E3B3282C29D3EC00CCF7ED /* Profile.swift */; };
		63E3B32C2C29D6B800CCF7ED /* LevelProfileModel.swift in Sources */ = {isa = PBXBuildFile; fileRef = 63E3B32B2C29D6B800CCF7ED /* LevelProfileModel.swift */; };
		63E3B32E2C29D6CB00CCF7ED /* LevelView.swift in Sources */ = {isa = PBXBuildFile; fileRef = 63E3B32D2C29D6CB00CCF7ED /* LevelView.swift */; };
		A8B07B432C226C9F005F662E /* CloudKitRecord.swift in Sources */ = {isa = PBXBuildFile; fileRef = A8B07B422C226C9F005F662E /* CloudKitRecord.swift */; };
		A8B07B452C226CFC005F662E /* CloudKitManager.swift in Sources */ = {isa = PBXBuildFile; fileRef = A8B07B442C226CFC005F662E /* CloudKitManager.swift */; };
		A8B07B482C226D92005F662E /* CafeRepository.swift in Sources */ = {isa = PBXBuildFile; fileRef = A8B07B472C226D92005F662E /* CafeRepository.swift */; };
		A8B07B4A2C2274CD005F662E /* ContentViewModel.swift in Sources */ = {isa = PBXBuildFile; fileRef = A8B07B492C2274CD005F662E /* ContentViewModel.swift */; };
/* End PBXBuildFile section */

/* Begin PBXContainerItemProxy section */
		408B53F02C1A94D7003DE834 /* PBXContainerItemProxy */ = {
			isa = PBXContainerItemProxy;
			containerPortal = 408B53D72C1A94D5003DE834 /* Project object */;
			proxyType = 1;
			remoteGlobalIDString = 408B53DE2C1A94D5003DE834;
			remoteInfo = Cooworka;
		};
		408B53FA2C1A94D7003DE834 /* PBXContainerItemProxy */ = {
			isa = PBXContainerItemProxy;
			containerPortal = 408B53D72C1A94D5003DE834 /* Project object */;
			proxyType = 1;
			remoteGlobalIDString = 408B53DE2C1A94D5003DE834;
			remoteInfo = Cooworka;
		};
/* End PBXContainerItemProxy section */

/* Begin PBXFileReference section */
		403507FC2C2ACB51001452C0 /* Cooworka.entitlements */ = {isa = PBXFileReference; lastKnownFileType = text.plist.entitlements; path = Cooworka.entitlements; sourceTree = "<group>"; };
		403507FD2C2ACB69001452C0 /* MainTabView.swift */ = {isa = PBXFileReference; lastKnownFileType = sourcecode.swift; path = MainTabView.swift; sourceTree = "<group>"; };
		406D8A432C22957200A4B724 /* SignInApple.swift */ = {isa = PBXFileReference; lastKnownFileType = sourcecode.swift; path = SignInApple.swift; sourceTree = "<group>"; };
		406D8A482C22974A00A4B724 /* Nunito-Regular.ttf */ = {isa = PBXFileReference; lastKnownFileType = file; path = "Nunito-Regular.ttf"; sourceTree = "<group>"; };
		406D8A4A2C22975700A4B724 /* Nunito-Bold.ttf */ = {isa = PBXFileReference; lastKnownFileType = file; path = "Nunito-Bold.ttf"; sourceTree = "<group>"; };
		406D8A4C2C22978600A4B724 /* Info.plist */ = {isa = PBXFileReference; lastKnownFileType = text.plist; path = Info.plist; sourceTree = "<group>"; };
		408B53DF2C1A94D5003DE834 /* Cooworka.app */ = {isa = PBXFileReference; explicitFileType = wrapper.application; includeInIndex = 0; path = Cooworka.app; sourceTree = BUILT_PRODUCTS_DIR; };
		408B53E22C1A94D5003DE834 /* CooworkaApp.swift */ = {isa = PBXFileReference; lastKnownFileType = sourcecode.swift; path = CooworkaApp.swift; sourceTree = "<group>"; };
		408B53E42C1A94D5003DE834 /* ContentView.swift */ = {isa = PBXFileReference; lastKnownFileType = sourcecode.swift; path = ContentView.swift; sourceTree = "<group>"; };
		408B53E62C1A94D7003DE834 /* Assets.xcassets */ = {isa = PBXFileReference; lastKnownFileType = folder.assetcatalog; path = Assets.xcassets; sourceTree = "<group>"; };
		408B53E92C1A94D7003DE834 /* Preview Assets.xcassets */ = {isa = PBXFileReference; lastKnownFileType = folder.assetcatalog; path = "Preview Assets.xcassets"; sourceTree = "<group>"; };
		408B53EF2C1A94D7003DE834 /* CooworkaTests.xctest */ = {isa = PBXFileReference; explicitFileType = wrapper.cfbundle; includeInIndex = 0; path = CooworkaTests.xctest; sourceTree = BUILT_PRODUCTS_DIR; };
		408B53F32C1A94D7003DE834 /* CooworkaTests.swift */ = {isa = PBXFileReference; lastKnownFileType = sourcecode.swift; path = CooworkaTests.swift; sourceTree = "<group>"; };
		408B53F92C1A94D7003DE834 /* CooworkaUITests.xctest */ = {isa = PBXFileReference; explicitFileType = wrapper.cfbundle; includeInIndex = 0; path = CooworkaUITests.xctest; sourceTree = BUILT_PRODUCTS_DIR; };
		408B53FD2C1A94D7003DE834 /* CooworkaUITests.swift */ = {isa = PBXFileReference; lastKnownFileType = sourcecode.swift; path = CooworkaUITests.swift; sourceTree = "<group>"; };
		408B53FF2C1A94D7003DE834 /* CooworkaUITestsLaunchTests.swift */ = {isa = PBXFileReference; lastKnownFileType = sourcecode.swift; path = CooworkaUITestsLaunchTests.swift; sourceTree = "<group>"; };
		630758FD2C29470A00AD7241 /* PhotoPicker.swift */ = {isa = PBXFileReference; lastKnownFileType = sourcecode.swift; path = PhotoPicker.swift; sourceTree = "<group>"; };
		630C1EB32C23DFDE007A5CA7 /* YesOrNoRating.swift */ = {isa = PBXFileReference; lastKnownFileType = sourcecode.swift; path = YesOrNoRating.swift; sourceTree = "<group>"; };
		630C1EB52C23F20F007A5CA7 /* PreviewYesNoButton.swift */ = {isa = PBXFileReference; lastKnownFileType = sourcecode.swift; path = PreviewYesNoButton.swift; sourceTree = "<group>"; };
		633C48F32C25C9C600BC6B8D /* FotoElement.swift */ = {isa = PBXFileReference; lastKnownFileType = sourcecode.swift; path = FotoElement.swift; sourceTree = "<group>"; };
		633C48F62C25CFCA00BC6B8D /* ReviewExtra.swift */ = {isa = PBXFileReference; lastKnownFileType = sourcecode.swift; path = ReviewExtra.swift; sourceTree = "<group>"; };
		63807E912C290E1B0066FCDB /* WiFiElement.swift */ = {isa = PBXFileReference; lastKnownFileType = sourcecode.swift; path = WiFiElement.swift; sourceTree = "<group>"; };
		63807E952C291D8E0066FCDB /* WiFiRatingComponent.swift */ = {isa = PBXFileReference; lastKnownFileType = sourcecode.swift; path = WiFiRatingComponent.swift; sourceTree = "<group>"; };
		63807E982C2921C80066FCDB /* HargaElement.swift */ = {isa = PBXFileReference; lastKnownFileType = sourcecode.swift; path = HargaElement.swift; sourceTree = "<group>"; };
		63807E9A2C2921D10066FCDB /* HargaComponent.swift */ = {isa = PBXFileReference; lastKnownFileType = sourcecode.swift; path = HargaComponent.swift; sourceTree = "<group>"; };
		63819FBD2C244A2500826F04 /* ReviewPage2.swift */ = {isa = PBXFileReference; lastKnownFileType = sourcecode.swift; path = ReviewPage2.swift; sourceTree = "<group>"; };
		63819FBF2C2469A300826F04 /* SocketQty.swift */ = {isa = PBXFileReference; lastKnownFileType = sourcecode.swift; path = SocketQty.swift; sourceTree = "<group>"; };
		63819FC12C246CDE00826F04 /* QtyComponent.swift */ = {isa = PBXFileReference; lastKnownFileType = sourcecode.swift; path = QtyComponent.swift; sourceTree = "<group>"; };
		63819FC32C247EED00826F04 /* EmoticonComponent.swift */ = {isa = PBXFileReference; lastKnownFileType = sourcecode.swift; path = EmoticonComponent.swift; sourceTree = "<group>"; };
		63819FC52C24819400826F04 /* EmotNText.swift */ = {isa = PBXFileReference; lastKnownFileType = sourcecode.swift; path = EmotNText.swift; sourceTree = "<group>"; };
		638230862C2B089800AC82E4 /* LevelProfile.swift */ = {isa = PBXFileReference; lastKnownFileType = sourcecode.swift; path = LevelProfile.swift; sourceTree = "<group>"; };
		63B5C7542C2520300056341A /* ReviewPage3.swift */ = {isa = PBXFileReference; lastKnownFileType = sourcecode.swift; path = ReviewPage3.swift; sourceTree = "<group>"; };
		63B5C7562C25211E0056341A /* KetersediaanParkirElement.swift */ = {isa = PBXFileReference; lastKnownFileType = sourcecode.swift; path = KetersediaanParkirElement.swift; sourceTree = "<group>"; };
		63B87F452C25BF6F00EEE984 /* KetersediaanParkir.swift */ = {isa = PBXFileReference; lastKnownFileType = sourcecode.swift; path = KetersediaanParkir.swift; sourceTree = "<group>"; };
		63B96D852C23249300078480 /* ReviewPageInitial.swift */ = {isa = PBXFileReference; lastKnownFileType = sourcecode.swift; path = ReviewPageInitial.swift; sourceTree = "<group>"; };
		63B96D872C232E3300078480 /* ReviewPage1.swift */ = {isa = PBXFileReference; lastKnownFileType = sourcecode.swift; path = ReviewPage1.swift; sourceTree = "<group>"; };
		63B96D8A2C2338A900078480 /* LineProgressReview.swift */ = {isa = PBXFileReference; lastKnownFileType = sourcecode.swift; path = LineProgressReview.swift; sourceTree = "<group>"; };
		63D288072C2A5E6500BCCEC7 /* PopUpBelumdiTempat.swift */ = {isa = PBXFileReference; lastKnownFileType = sourcecode.swift; path = PopUpBelumdiTempat.swift; sourceTree = "<group>"; };
		63D2880A2C2A715700BCCEC7 /* ListCafe.swift */ = {isa = PBXFileReference; lastKnownFileType = sourcecode.swift; path = ListCafe.swift; sourceTree = "<group>"; };
		63D2880C2C2A716E00BCCEC7 /* NearbyViewModel.swift */ = {isa = PBXFileReference; lastKnownFileType = sourcecode.swift; path = NearbyViewModel.swift; sourceTree = "<group>"; };
		63D2880E2C2A719000BCCEC7 /* PageDetailView.swift */ = {isa = PBXFileReference; lastKnownFileType = sourcecode.swift; path = PageDetailView.swift; sourceTree = "<group>"; };
		63D288102C2A71AC00BCCEC7 /* PageExplore.swift */ = {isa = PBXFileReference; lastKnownFileType = sourcecode.swift; path = PageExplore.swift; sourceTree = "<group>"; };
		63D288122C2A71BF00BCCEC7 /* PageSearchCafeView.swift */ = {isa = PBXFileReference; lastKnownFileType = sourcecode.swift; path = PageSearchCafeView.swift; sourceTree = "<group>"; };
		63D288142C2A71D200BCCEC7 /* SearchViewModel.swift */ = {isa = PBXFileReference; lastKnownFileType = sourcecode.swift; path = SearchViewModel.swift; sourceTree = "<group>"; };
		63D288192C2A725A00BCCEC7 /* CafeReviewCardView.swift */ = {isa = PBXFileReference; lastKnownFileType = sourcecode.swift; path = CafeReviewCardView.swift; sourceTree = "<group>"; };
		63D2881B2C2A728000BCCEC7 /* DetailSearchView.swift */ = {isa = PBXFileReference; lastKnownFileType = sourcecode.swift; path = DetailSearchView.swift; sourceTree = "<group>"; };
		63D2881D2C2A729500BCCEC7 /* FormatFloatHelper.swift */ = {isa = PBXFileReference; lastKnownFileType = sourcecode.swift; path = FormatFloatHelper.swift; sourceTree = "<group>"; };
		63D2881F2C2A72A700BCCEC7 /* InfoCardView.swift */ = {isa = PBXFileReference; lastKnownFileType = sourcecode.swift; path = InfoCardView.swift; sourceTree = "<group>"; };
		63D288212C2A72B600BCCEC7 /* LocationView.swift */ = {isa = PBXFileReference; lastKnownFileType = sourcecode.swift; path = LocationView.swift; sourceTree = "<group>"; };
		63D288232C2A72C700BCCEC7 /* NearbyCardView.swift */ = {isa = PBXFileReference; lastKnownFileType = sourcecode.swift; path = NearbyCardView.swift; sourceTree = "<group>"; };
		63D288252C2A72DC00BCCEC7 /* ReviewCardView.swift */ = {isa = PBXFileReference; lastKnownFileType = sourcecode.swift; path = ReviewCardView.swift; sourceTree = "<group>"; };
		63D288282C2A733300BCCEC7 /* AktivitasPageView.swift */ = {isa = PBXFileReference; lastKnownFileType = sourcecode.swift; path = AktivitasPageView.swift; sourceTree = "<group>"; };
		63D2882A2C2A734600BCCEC7 /* FavoritePageView.swift */ = {isa = PBXFileReference; lastKnownFileType = sourcecode.swift; path = FavoritePageView.swift; sourceTree = "<group>"; };
		63D2882D2C2A736300BCCEC7 /* DetailCardView.swift */ = {isa = PBXFileReference; lastKnownFileType = sourcecode.swift; path = DetailCardView.swift; sourceTree = "<group>"; };
		63D2882F2C2A737000BCCEC7 /* RiwayatCardView.swift */ = {isa = PBXFileReference; lastKnownFileType = sourcecode.swift; path = RiwayatCardView.swift; sourceTree = "<group>"; };
		63D333C32C21E17800036379 /* Cafe.swift */ = {isa = PBXFileReference; lastKnownFileType = sourcecode.swift; path = Cafe.swift; sourceTree = "<group>"; };
		63D333C52C21E38D00036379 /* Check In.swift */ = {isa = PBXFileReference; lastKnownFileType = sourcecode.swift; path = "Check In.swift"; sourceTree = "<group>"; };
		63D333C72C21E39600036379 /* User.swift */ = {isa = PBXFileReference; lastKnownFileType = sourcecode.swift; path = User.swift; sourceTree = "<group>"; };
		63D333C92C21E3A200036379 /* Review.swift */ = {isa = PBXFileReference; lastKnownFileType = sourcecode.swift; path = Review.swift; sourceTree = "<group>"; };
		63D333CB2C21E3AD00036379 /* Quick Survey.swift */ = {isa = PBXFileReference; lastKnownFileType = sourcecode.swift; path = "Quick Survey.swift"; sourceTree = "<group>"; };
		63D333CD2C21E3B300036379 /* User Level.swift */ = {isa = PBXFileReference; lastKnownFileType = sourcecode.swift; path = "User Level.swift"; sourceTree = "<group>"; };
		63D333CF2C21E3B900036379 /* Foto.swift */ = {isa = PBXFileReference; lastKnownFileType = sourcecode.swift; path = Foto.swift; sourceTree = "<group>"; };
		63D333D12C21E3BE00036379 /* Level.swift */ = {isa = PBXFileReference; lastKnownFileType = sourcecode.swift; path = Level.swift; sourceTree = "<group>"; };
		63D45AFB2C23CDE100FEC85A /* StarRatingComponent.swift */ = {isa = PBXFileReference; lastKnownFileType = sourcecode.swift; path = StarRatingComponent.swift; sourceTree = "<group>"; };
		63D45AFD2C23D1F000FEC85A /* StarRating.swift */ = {isa = PBXFileReference; lastKnownFileType = sourcecode.swift; path = StarRating.swift; sourceTree = "<group>"; };
		63E3B31D2C29AD7500CCF7ED /* PopUpSmall.swift */ = {isa = PBXFileReference; lastKnownFileType = sourcecode.swift; path = PopUpSmall.swift; sourceTree = "<group>"; };
		63E3B31F2C29BFEF00CCF7ED /* OpenChest.swift */ = {isa = PBXFileReference; lastKnownFileType = sourcecode.swift; path = OpenChest.swift; sourceTree = "<group>"; };
		63E3B3222C29D20000CCF7ED /* PhotoProfileComponent.swift */ = {isa = PBXFileReference; lastKnownFileType = sourcecode.swift; path = PhotoProfileComponent.swift; sourceTree = "<group>"; };
		63E3B3242C29D32F00CCF7ED /* ReviewHelpfulComponent.swift */ = {isa = PBXFileReference; lastKnownFileType = sourcecode.swift; path = ReviewHelpfulComponent.swift; sourceTree = "<group>"; };
		63E3B3262C29D3A000CCF7ED /* ReviewHelpfulStat.swift */ = {isa = PBXFileReference; lastKnownFileType = sourcecode.swift; path = ReviewHelpfulStat.swift; sourceTree = "<group>"; };
		63E3B3282C29D3EC00CCF7ED /* Profile.swift */ = {isa = PBXFileReference; lastKnownFileType = sourcecode.swift; path = Profile.swift; sourceTree = "<group>"; };
		63E3B32B2C29D6B800CCF7ED /* LevelProfileModel.swift */ = {isa = PBXFileReference; lastKnownFileType = sourcecode.swift; path = LevelProfileModel.swift; sourceTree = "<group>"; };
		63E3B32D2C29D6CB00CCF7ED /* LevelView.swift */ = {isa = PBXFileReference; lastKnownFileType = sourcecode.swift; path = LevelView.swift; sourceTree = "<group>"; };
		A8B07B422C226C9F005F662E /* CloudKitRecord.swift */ = {isa = PBXFileReference; lastKnownFileType = sourcecode.swift; path = CloudKitRecord.swift; sourceTree = "<group>"; };
		A8B07B442C226CFC005F662E /* CloudKitManager.swift */ = {isa = PBXFileReference; lastKnownFileType = sourcecode.swift; path = CloudKitManager.swift; sourceTree = "<group>"; };
		A8B07B472C226D92005F662E /* CafeRepository.swift */ = {isa = PBXFileReference; lastKnownFileType = sourcecode.swift; path = CafeRepository.swift; sourceTree = "<group>"; };
		A8B07B492C2274CD005F662E /* ContentViewModel.swift */ = {isa = PBXFileReference; lastKnownFileType = sourcecode.swift; path = ContentViewModel.swift; sourceTree = "<group>"; };
/* End PBXFileReference section */

/* Begin PBXFrameworksBuildPhase section */
		408B53DC2C1A94D5003DE834 /* Frameworks */ = {
			isa = PBXFrameworksBuildPhase;
			buildActionMask = 2147483647;
			files = (
			);
			runOnlyForDeploymentPostprocessing = 0;
		};
		408B53EC2C1A94D7003DE834 /* Frameworks */ = {
			isa = PBXFrameworksBuildPhase;
			buildActionMask = 2147483647;
			files = (
			);
			runOnlyForDeploymentPostprocessing = 0;
		};
		408B53F62C1A94D7003DE834 /* Frameworks */ = {
			isa = PBXFrameworksBuildPhase;
			buildActionMask = 2147483647;
			files = (
			);
			runOnlyForDeploymentPostprocessing = 0;
		};
/* End PBXFrameworksBuildPhase section */

/* Begin PBXGroup section */
		406D8A472C22972D00A4B724 /* Font */ = {
			isa = PBXGroup;
			children = (
				406D8A482C22974A00A4B724 /* Nunito-Regular.ttf */,
				406D8A4A2C22975700A4B724 /* Nunito-Bold.ttf */,
			);
			path = Font;
			sourceTree = "<group>";
		};
		408B53D62C1A94D5003DE834 = {
			isa = PBXGroup;
			children = (
				408B53E12C1A94D5003DE834 /* Cooworka */,
				408B53F22C1A94D7003DE834 /* CooworkaTests */,
				408B53FC2C1A94D7003DE834 /* CooworkaUITests */,
				408B53E02C1A94D5003DE834 /* Products */,
			);
			sourceTree = "<group>";
		};
		408B53E02C1A94D5003DE834 /* Products */ = {
			isa = PBXGroup;
			children = (
				408B53DF2C1A94D5003DE834 /* Cooworka.app */,
				408B53EF2C1A94D7003DE834 /* CooworkaTests.xctest */,
				408B53F92C1A94D7003DE834 /* CooworkaUITests.xctest */,
			);
			name = Products;
			sourceTree = "<group>";
		};
		408B53E12C1A94D5003DE834 /* Cooworka */ = {
			isa = PBXGroup;
			children = (
				403507FC2C2ACB51001452C0 /* Cooworka.entitlements */,
				406D8A4C2C22978600A4B724 /* Info.plist */,
				408B53E22C1A94D5003DE834 /* CooworkaApp.swift */,
				63B96D892C23387200078480 /* Component */,
				A8B07B462C226D74005F662E /* Repositories */,
				A8B07B412C226C77005F662E /* Managers */,
				A8B07B402C226BE2005F662E /* ViewModels */,
				A8B07B3F2C226BD3005F662E /* Views */,
				63D333C22C21E11000036379 /* ModelData */,
				408B53E62C1A94D7003DE834 /* Assets.xcassets */,
				406D8A472C22972D00A4B724 /* Font */,
				408B53E82C1A94D7003DE834 /* Preview Content */,
			);
			path = Cooworka;
			sourceTree = "<group>";
		};
		408B53E82C1A94D7003DE834 /* Preview Content */ = {
			isa = PBXGroup;
			children = (
				408B53E92C1A94D7003DE834 /* Preview Assets.xcassets */,
			);
			path = "Preview Content";
			sourceTree = "<group>";
		};
		408B53F22C1A94D7003DE834 /* CooworkaTests */ = {
			isa = PBXGroup;
			children = (
				408B53F32C1A94D7003DE834 /* CooworkaTests.swift */,
			);
			path = CooworkaTests;
			sourceTree = "<group>";
		};
		408B53FC2C1A94D7003DE834 /* CooworkaUITests */ = {
			isa = PBXGroup;
			children = (
				408B53FD2C1A94D7003DE834 /* CooworkaUITests.swift */,
				408B53FF2C1A94D7003DE834 /* CooworkaUITestsLaunchTests.swift */,
			);
			path = CooworkaUITests;
			sourceTree = "<group>";
		};
		633C48F22C25C99600BC6B8D /* Foto */ = {
			isa = PBXGroup;
			children = (
				633C48F32C25C9C600BC6B8D /* FotoElement.swift */,
			);
			path = Foto;
			sourceTree = "<group>";
		};
		633C48F52C25CFB300BC6B8D /* Review Extra */ = {
			isa = PBXGroup;
			children = (
				633C48F62C25CFCA00BC6B8D /* ReviewExtra.swift */,
			);
			path = "Review Extra";
			sourceTree = "<group>";
		};
		6368D5D32C252EC400F611BA /* YesOrNoRating */ = {
			isa = PBXGroup;
			children = (
				630C1EB32C23DFDE007A5CA7 /* YesOrNoRating.swift */,
				630C1EB52C23F20F007A5CA7 /* PreviewYesNoButton.swift */,
			);
			path = YesOrNoRating;
			sourceTree = "<group>";
		};
		6368D5D42C252EE700F611BA /* SocketQty */ = {
			isa = PBXGroup;
			children = (
				63819FC12C246CDE00826F04 /* QtyComponent.swift */,
				63819FBF2C2469A300826F04 /* SocketQty.swift */,
			);
			path = SocketQty;
			sourceTree = "<group>";
		};
		6368D5D52C252EFD00F611BA /* EmoticonReview */ = {
			isa = PBXGroup;
			children = (
				63819FC32C247EED00826F04 /* EmoticonComponent.swift */,
				63819FC52C24819400826F04 /* EmotNText.swift */,
			);
			path = EmoticonReview;
			sourceTree = "<group>";
		};
		63807E902C290E050066FCDB /* Wifi Rating */ = {
			isa = PBXGroup;
			children = (
				63807E912C290E1B0066FCDB /* WiFiElement.swift */,
				63807E952C291D8E0066FCDB /* WiFiRatingComponent.swift */,
			);
			path = "Wifi Rating";
			sourceTree = "<group>";
		};
		63807E972C2921970066FCDB /* Harga */ = {
			isa = PBXGroup;
			children = (
				63807E982C2921C80066FCDB /* HargaElement.swift */,
				63807E9A2C2921D10066FCDB /* HargaComponent.swift */,
			);
			path = Harga;
			sourceTree = "<group>";
		};
		63B5C7582C2521450056341A /* Line Progress */ = {
			isa = PBXGroup;
			children = (
				63B96D8A2C2338A900078480 /* LineProgressReview.swift */,
			);
			path = "Line Progress";
			sourceTree = "<group>";
		};
		63B5C7592C2521570056341A /* Star Rating */ = {
			isa = PBXGroup;
			children = (
				63D45AFB2C23CDE100FEC85A /* StarRatingComponent.swift */,
				63D45AFD2C23D1F000FEC85A /* StarRating.swift */,
			);
			path = "Star Rating";
			sourceTree = "<group>";
		};
		63B87F472C25BF9000EEE984 /* KetersediaanParkir */ = {
			isa = PBXGroup;
			children = (
				63B5C7562C25211E0056341A /* KetersediaanParkirElement.swift */,
				63B87F452C25BF6F00EEE984 /* KetersediaanParkir.swift */,
			);
			path = KetersediaanParkir;
			sourceTree = "<group>";
		};
		63B96D892C23387200078480 /* Component */ = {
			isa = PBXGroup;
			children = (
				63B5C7592C2521570056341A /* Star Rating */,
				63807E972C2921970066FCDB /* Harga */,
				63807E902C290E050066FCDB /* Wifi Rating */,
				6368D5D32C252EC400F611BA /* YesOrNoRating */,
				6368D5D52C252EFD00F611BA /* EmoticonReview */,
				6368D5D42C252EE700F611BA /* SocketQty */,
				63B87F472C25BF9000EEE984 /* KetersediaanParkir */,
				633C48F52C25CFB300BC6B8D /* Review Extra */,
				633C48F22C25C99600BC6B8D /* Foto */,
				63B5C7582C2521450056341A /* Line Progress */,
			);
			path = Component;
			sourceTree = "<group>";
		};
		63D288092C2A709300BCCEC7 /* Page Explore */ = {
			isa = PBXGroup;
			children = (
				63D2880A2C2A715700BCCEC7 /* ListCafe.swift */,
				63D2880C2C2A716E00BCCEC7 /* NearbyViewModel.swift */,
				63D2880E2C2A719000BCCEC7 /* PageDetailView.swift */,
				63D288102C2A71AC00BCCEC7 /* PageExplore.swift */,
				63D288122C2A71BF00BCCEC7 /* PageSearchCafeView.swift */,
				63D288142C2A71D200BCCEC7 /* SearchViewModel.swift */,
				63D288182C2A723700BCCEC7 /* Component */,
			);
			path = "Page Explore";
			sourceTree = "<group>";
		};
		63D288182C2A723700BCCEC7 /* Component */ = {
			isa = PBXGroup;
			children = (
				63D288192C2A725A00BCCEC7 /* CafeReviewCardView.swift */,
				63D2881B2C2A728000BCCEC7 /* DetailSearchView.swift */,
				63D2881D2C2A729500BCCEC7 /* FormatFloatHelper.swift */,
				63D2881F2C2A72A700BCCEC7 /* InfoCardView.swift */,
				63D288212C2A72B600BCCEC7 /* LocationView.swift */,
				63D288232C2A72C700BCCEC7 /* NearbyCardView.swift */,
				63D288252C2A72DC00BCCEC7 /* ReviewCardView.swift */,
			);
			path = Component;
			sourceTree = "<group>";
		};
		63D288272C2A72FB00BCCEC7 /* Page Activity */ = {
			isa = PBXGroup;
			children = (
				63D2882C2C2A734F00BCCEC7 /* Component */,
				63D288282C2A733300BCCEC7 /* AktivitasPageView.swift */,
				63D2882A2C2A734600BCCEC7 /* FavoritePageView.swift */,
			);
			path = "Page Activity";
			sourceTree = "<group>";
		};
		63D2882C2C2A734F00BCCEC7 /* Component */ = {
			isa = PBXGroup;
			children = (
				63D2882D2C2A736300BCCEC7 /* DetailCardView.swift */,
				63D2882F2C2A737000BCCEC7 /* RiwayatCardView.swift */,
			);
			path = Component;
			sourceTree = "<group>";
		};
		63D333C22C21E11000036379 /* ModelData */ = {
			isa = PBXGroup;
			children = (
				63D333C32C21E17800036379 /* Cafe.swift */,
				63D333C52C21E38D00036379 /* Check In.swift */,
				63D333C72C21E39600036379 /* User.swift */,
				63D333C92C21E3A200036379 /* Review.swift */,
				63D333CB2C21E3AD00036379 /* Quick Survey.swift */,
				63D333CD2C21E3B300036379 /* User Level.swift */,
				63D333CF2C21E3B900036379 /* Foto.swift */,
				63D333D12C21E3BE00036379 /* Level.swift */,
				A8B07B422C226C9F005F662E /* CloudKitRecord.swift */,
			);
			path = ModelData;
			sourceTree = "<group>";
		};
		63E3B31C2C29AD6600CCF7ED /* PopUp */ = {
			isa = PBXGroup;
			children = (
				63E3B31D2C29AD7500CCF7ED /* PopUpSmall.swift */,
				63E3B31F2C29BFEF00CCF7ED /* OpenChest.swift */,
				63D288072C2A5E6500BCCEC7 /* PopUpBelumdiTempat.swift */,
			);
			path = PopUp;
			sourceTree = "<group>";
		};
		63E3B3212C29D18600CCF7ED /* Profile */ = {
			isa = PBXGroup;
			children = (
				63E3B3222C29D20000CCF7ED /* PhotoProfileComponent.swift */,
				63E3B3282C29D3EC00CCF7ED /* Profile.swift */,
				63E3B3242C29D32F00CCF7ED /* ReviewHelpfulComponent.swift */,
				63E3B3262C29D3A000CCF7ED /* ReviewHelpfulStat.swift */,
			);
			path = Profile;
			sourceTree = "<group>";
		};
		63E3B32A2C29D6A700CCF7ED /* LevelProfile */ = {
			isa = PBXGroup;
			children = (
				63E3B32B2C29D6B800CCF7ED /* LevelProfileModel.swift */,
				63E3B32D2C29D6CB00CCF7ED /* LevelView.swift */,
				638230862C2B089800AC82E4 /* LevelProfile.swift */,
			);
			path = LevelProfile;
			sourceTree = "<group>";
		};
		63F876462C26A82100DFB001 /* Review */ = {
			isa = PBXGroup;
			children = (
				63B96D872C232E3300078480 /* ReviewPage1.swift */,
				63819FBD2C244A2500826F04 /* ReviewPage2.swift */,
				63B5C7542C2520300056341A /* ReviewPage3.swift */,
				630758FD2C29470A00AD7241 /* PhotoPicker.swift */,
			);
			path = Review;
			sourceTree = "<group>";
		};
		A8B07B3F2C226BD3005F662E /* Views */ = {
			isa = PBXGroup;
			children = (
				403507FD2C2ACB69001452C0 /* MainTabView.swift */,
				63D288272C2A72FB00BCCEC7 /* Page Activity */,
				63D288092C2A709300BCCEC7 /* Page Explore */,
				63E3B31C2C29AD6600CCF7ED /* PopUp */,
				408B53E42C1A94D5003DE834 /* ContentView.swift */,
				406D8A432C22957200A4B724 /* SignInApple.swift */,
				63B96D852C23249300078480 /* ReviewPageInitial.swift */,
				63E3B32A2C29D6A700CCF7ED /* LevelProfile */,
				63E3B3212C29D18600CCF7ED /* Profile */,
				63F876462C26A82100DFB001 /* Review */,
			);
			path = Views;
			sourceTree = "<group>";
		};
		A8B07B402C226BE2005F662E /* ViewModels */ = {
			isa = PBXGroup;
			children = (
				A8B07B492C2274CD005F662E /* ContentViewModel.swift */,
			);
			path = ViewModels;
			sourceTree = "<group>";
		};
		A8B07B412C226C77005F662E /* Managers */ = {
			isa = PBXGroup;
			children = (
				A8B07B442C226CFC005F662E /* CloudKitManager.swift */,
			);
			path = Managers;
			sourceTree = "<group>";
		};
		A8B07B462C226D74005F662E /* Repositories */ = {
			isa = PBXGroup;
			children = (
				A8B07B472C226D92005F662E /* CafeRepository.swift */,
			);
			path = Repositories;
			sourceTree = "<group>";
		};
/* End PBXGroup section */

/* Begin PBXNativeTarget section */
		408B53DE2C1A94D5003DE834 /* Cooworka */ = {
			isa = PBXNativeTarget;
			buildConfigurationList = 408B54032C1A94D7003DE834 /* Build configuration list for PBXNativeTarget "Cooworka" */;
			buildPhases = (
				408B53DB2C1A94D5003DE834 /* Sources */,
				408B53DC2C1A94D5003DE834 /* Frameworks */,
				408B53DD2C1A94D5003DE834 /* Resources */,
			);
			buildRules = (
			);
			dependencies = (
			);
			name = Cooworka;
			productName = Cooworka;
			productReference = 408B53DF2C1A94D5003DE834 /* Cooworka.app */;
			productType = "com.apple.product-type.application";
		};
		408B53EE2C1A94D7003DE834 /* CooworkaTests */ = {
			isa = PBXNativeTarget;
			buildConfigurationList = 408B54062C1A94D7003DE834 /* Build configuration list for PBXNativeTarget "CooworkaTests" */;
			buildPhases = (
				408B53EB2C1A94D7003DE834 /* Sources */,
				408B53EC2C1A94D7003DE834 /* Frameworks */,
				408B53ED2C1A94D7003DE834 /* Resources */,
			);
			buildRules = (
			);
			dependencies = (
				408B53F12C1A94D7003DE834 /* PBXTargetDependency */,
			);
			name = CooworkaTests;
			productName = CooworkaTests;
			productReference = 408B53EF2C1A94D7003DE834 /* CooworkaTests.xctest */;
			productType = "com.apple.product-type.bundle.unit-test";
		};
		408B53F82C1A94D7003DE834 /* CooworkaUITests */ = {
			isa = PBXNativeTarget;
			buildConfigurationList = 408B54092C1A94D7003DE834 /* Build configuration list for PBXNativeTarget "CooworkaUITests" */;
			buildPhases = (
				408B53F52C1A94D7003DE834 /* Sources */,
				408B53F62C1A94D7003DE834 /* Frameworks */,
				408B53F72C1A94D7003DE834 /* Resources */,
			);
			buildRules = (
			);
			dependencies = (
				408B53FB2C1A94D7003DE834 /* PBXTargetDependency */,
			);
			name = CooworkaUITests;
			productName = CooworkaUITests;
			productReference = 408B53F92C1A94D7003DE834 /* CooworkaUITests.xctest */;
			productType = "com.apple.product-type.bundle.ui-testing";
		};
/* End PBXNativeTarget section */

/* Begin PBXProject section */
		408B53D72C1A94D5003DE834 /* Project object */ = {
			isa = PBXProject;
			attributes = {
				BuildIndependentTargetsInParallel = 1;
				LastSwiftUpdateCheck = 1520;
				LastUpgradeCheck = 1520;
				TargetAttributes = {
					408B53DE2C1A94D5003DE834 = {
						CreatedOnToolsVersion = 15.2;
					};
					408B53EE2C1A94D7003DE834 = {
						CreatedOnToolsVersion = 15.2;
						TestTargetID = 408B53DE2C1A94D5003DE834;
					};
					408B53F82C1A94D7003DE834 = {
						CreatedOnToolsVersion = 15.2;
						TestTargetID = 408B53DE2C1A94D5003DE834;
					};
				};
			};
			buildConfigurationList = 408B53DA2C1A94D5003DE834 /* Build configuration list for PBXProject "Cooworka" */;
			compatibilityVersion = "Xcode 14.0";
			developmentRegion = en;
			hasScannedForEncodings = 0;
			knownRegions = (
				en,
				Base,
			);
			mainGroup = 408B53D62C1A94D5003DE834;
			productRefGroup = 408B53E02C1A94D5003DE834 /* Products */;
			projectDirPath = "";
			projectRoot = "";
			targets = (
				408B53DE2C1A94D5003DE834 /* Cooworka */,
				408B53EE2C1A94D7003DE834 /* CooworkaTests */,
				408B53F82C1A94D7003DE834 /* CooworkaUITests */,
			);
		};
/* End PBXProject section */

/* Begin PBXResourcesBuildPhase section */
		408B53DD2C1A94D5003DE834 /* Resources */ = {
			isa = PBXResourcesBuildPhase;
			buildActionMask = 2147483647;
			files = (
				406D8A492C22974A00A4B724 /* Nunito-Regular.ttf in Resources */,
				408B53EA2C1A94D7003DE834 /* Preview Assets.xcassets in Resources */,
				406D8A4B2C22975700A4B724 /* Nunito-Bold.ttf in Resources */,
				408B53E72C1A94D7003DE834 /* Assets.xcassets in Resources */,
			);
			runOnlyForDeploymentPostprocessing = 0;
		};
		408B53ED2C1A94D7003DE834 /* Resources */ = {
			isa = PBXResourcesBuildPhase;
			buildActionMask = 2147483647;
			files = (
			);
			runOnlyForDeploymentPostprocessing = 0;
		};
		408B53F72C1A94D7003DE834 /* Resources */ = {
			isa = PBXResourcesBuildPhase;
			buildActionMask = 2147483647;
			files = (
			);
			runOnlyForDeploymentPostprocessing = 0;
		};
/* End PBXResourcesBuildPhase section */

/* Begin PBXSourcesBuildPhase section */
		408B53DB2C1A94D5003DE834 /* Sources */ = {
			isa = PBXSourcesBuildPhase;
			buildActionMask = 2147483647;
			files = (
				63819FC22C246CDE00826F04 /* QtyComponent.swift in Sources */,
				408B53E52C1A94D5003DE834 /* ContentView.swift in Sources */,
				63B5C7552C2520300056341A /* ReviewPage3.swift in Sources */,
				63807E962C291D8E0066FCDB /* WiFiRatingComponent.swift in Sources */,
				63D288082C2A5E6500BCCEC7 /* PopUpBelumdiTempat.swift in Sources */,
				408B53E32C1A94D5003DE834 /* CooworkaApp.swift in Sources */,
				63819FC62C24819400826F04 /* EmotNText.swift in Sources */,
				63B96D882C232E3300078480 /* ReviewPage1.swift in Sources */,
				63D45AFC2C23CDE100FEC85A /* StarRatingComponent.swift in Sources */,
				63E3B32C2C29D6B800CCF7ED /* LevelProfileModel.swift in Sources */,
				63E3B31E2C29AD7500CCF7ED /* PopUpSmall.swift in Sources */,
				63B96D862C23249300078480 /* ReviewPageInitial.swift in Sources */,
				63D288202C2A72A700BCCEC7 /* InfoCardView.swift in Sources */,
				63E3B3252C29D33000CCF7ED /* ReviewHelpfulComponent.swift in Sources */,
				A8B07B452C226CFC005F662E /* CloudKitManager.swift in Sources */,
				63D333CE2C21E3B300036379 /* User Level.swift in Sources */,
				63D288112C2A71AC00BCCEC7 /* PageExplore.swift in Sources */,
				63D333C62C21E38D00036379 /* Check In.swift in Sources */,
				63D2881E2C2A729500BCCEC7 /* FormatFloatHelper.swift in Sources */,
				63B87F462C25BF6F00EEE984 /* KetersediaanParkir.swift in Sources */,
				63D2882B2C2A734600BCCEC7 /* FavoritePageView.swift in Sources */,
				63E3B3292C29D3EC00CCF7ED /* Profile.swift in Sources */,
				63D2882E2C2A736300BCCEC7 /* DetailCardView.swift in Sources */,
				A8B07B432C226C9F005F662E /* CloudKitRecord.swift in Sources */,
				63D288132C2A71BF00BCCEC7 /* PageSearchCafeView.swift in Sources */,
				63D333C82C21E39600036379 /* User.swift in Sources */,
				63B96D8B2C2338A900078480 /* LineProgressReview.swift in Sources */,
				63D288152C2A71D200BCCEC7 /* SearchViewModel.swift in Sources */,
				63D288302C2A737000BCCEC7 /* RiwayatCardView.swift in Sources */,
				63807E9B2C2921D10066FCDB /* HargaComponent.swift in Sources */,
				406D8A442C22957200A4B724 /* SignInApple.swift in Sources */,
				63B5C7572C25211E0056341A /* KetersediaanParkirElement.swift in Sources */,
				630C1EB42C23DFDE007A5CA7 /* YesOrNoRating.swift in Sources */,
				63D288262C2A72DC00BCCEC7 /* ReviewCardView.swift in Sources */,
				63E3B3232C29D20000CCF7ED /* PhotoProfileComponent.swift in Sources */,
				403507FE2C2ACB69001452C0 /* MainTabView.swift in Sources */,
				63E3B3272C29D3A000CCF7ED /* ReviewHelpfulStat.swift in Sources */,
				63D2881A2C2A725A00BCCEC7 /* CafeReviewCardView.swift in Sources */,
				63D288222C2A72B600BCCEC7 /* LocationView.swift in Sources */,
				63819FC42C247EED00826F04 /* EmoticonComponent.swift in Sources */,
				63D333D02C21E3B900036379 /* Foto.swift in Sources */,
				630758FE2C29470A00AD7241 /* PhotoPicker.swift in Sources */,
				63807E922C290E1B0066FCDB /* WiFiElement.swift in Sources */,
				63807E992C2921C80066FCDB /* HargaElement.swift in Sources */,
				63819FC02C2469A300826F04 /* SocketQty.swift in Sources */,
				63D333C42C21E17800036379 /* Cafe.swift in Sources */,
				63D333CA2C21E3A200036379 /* Review.swift in Sources */,
				63D45AFE2C23D1F000FEC85A /* StarRating.swift in Sources */,
				63E3B32E2C29D6CB00CCF7ED /* LevelView.swift in Sources */,
				630C1EB62C23F20F007A5CA7 /* PreviewYesNoButton.swift in Sources */,
				63D2880F2C2A719000BCCEC7 /* PageDetailView.swift in Sources */,
				A8B07B4A2C2274CD005F662E /* ContentViewModel.swift in Sources */,
				63D333D22C21E3BE00036379 /* Level.swift in Sources */,
				633C48F42C25C9C600BC6B8D /* FotoElement.swift in Sources */,
				638230872C2B089800AC82E4 /* LevelProfile.swift in Sources */,
				63D2880D2C2A716E00BCCEC7 /* NearbyViewModel.swift in Sources */,
				63D2880B2C2A715700BCCEC7 /* ListCafe.swift in Sources */,
				633C48F72C25CFCA00BC6B8D /* ReviewExtra.swift in Sources */,
				63819FBE2C244A2500826F04 /* ReviewPage2.swift in Sources */,
				A8B07B482C226D92005F662E /* CafeRepository.swift in Sources */,
				63D2881C2C2A728000BCCEC7 /* DetailSearchView.swift in Sources */,
				63D288242C2A72C700BCCEC7 /* NearbyCardView.swift in Sources */,
				63D333CC2C21E3AD00036379 /* Quick Survey.swift in Sources */,
				63D288292C2A733300BCCEC7 /* AktivitasPageView.swift in Sources */,
				63E3B3202C29BFEF00CCF7ED /* OpenChest.swift in Sources */,
			);
			runOnlyForDeploymentPostprocessing = 0;
		};
		408B53EB2C1A94D7003DE834 /* Sources */ = {
			isa = PBXSourcesBuildPhase;
			buildActionMask = 2147483647;
			files = (
				408B53F42C1A94D7003DE834 /* CooworkaTests.swift in Sources */,
			);
			runOnlyForDeploymentPostprocessing = 0;
		};
		408B53F52C1A94D7003DE834 /* Sources */ = {
			isa = PBXSourcesBuildPhase;
			buildActionMask = 2147483647;
			files = (
				408B54002C1A94D7003DE834 /* CooworkaUITestsLaunchTests.swift in Sources */,
				408B53FE2C1A94D7003DE834 /* CooworkaUITests.swift in Sources */,
			);
			runOnlyForDeploymentPostprocessing = 0;
		};
/* End PBXSourcesBuildPhase section */

/* Begin PBXTargetDependency section */
		408B53F12C1A94D7003DE834 /* PBXTargetDependency */ = {
			isa = PBXTargetDependency;
			target = 408B53DE2C1A94D5003DE834 /* Cooworka */;
			targetProxy = 408B53F02C1A94D7003DE834 /* PBXContainerItemProxy */;
		};
		408B53FB2C1A94D7003DE834 /* PBXTargetDependency */ = {
			isa = PBXTargetDependency;
			target = 408B53DE2C1A94D5003DE834 /* Cooworka */;
			targetProxy = 408B53FA2C1A94D7003DE834 /* PBXContainerItemProxy */;
		};
/* End PBXTargetDependency section */

/* Begin XCBuildConfiguration section */
		408B54012C1A94D7003DE834 /* Debug */ = {
			isa = XCBuildConfiguration;
			buildSettings = {
				ALWAYS_SEARCH_USER_PATHS = NO;
				ASSETCATALOG_COMPILER_GENERATE_SWIFT_ASSET_SYMBOL_EXTENSIONS = YES;
				CLANG_ANALYZER_NONNULL = YES;
				CLANG_ANALYZER_NUMBER_OBJECT_CONVERSION = YES_AGGRESSIVE;
				CLANG_CXX_LANGUAGE_STANDARD = "gnu++20";
				CLANG_ENABLE_MODULES = YES;
				CLANG_ENABLE_OBJC_ARC = YES;
				CLANG_ENABLE_OBJC_WEAK = YES;
				CLANG_WARN_BLOCK_CAPTURE_AUTORELEASING = YES;
				CLANG_WARN_BOOL_CONVERSION = YES;
				CLANG_WARN_COMMA = YES;
				CLANG_WARN_CONSTANT_CONVERSION = YES;
				CLANG_WARN_DEPRECATED_OBJC_IMPLEMENTATIONS = YES;
				CLANG_WARN_DIRECT_OBJC_ISA_USAGE = YES_ERROR;
				CLANG_WARN_DOCUMENTATION_COMMENTS = YES;
				CLANG_WARN_EMPTY_BODY = YES;
				CLANG_WARN_ENUM_CONVERSION = YES;
				CLANG_WARN_INFINITE_RECURSION = YES;
				CLANG_WARN_INT_CONVERSION = YES;
				CLANG_WARN_NON_LITERAL_NULL_CONVERSION = YES;
				CLANG_WARN_OBJC_IMPLICIT_RETAIN_SELF = YES;
				CLANG_WARN_OBJC_LITERAL_CONVERSION = YES;
				CLANG_WARN_OBJC_ROOT_CLASS = YES_ERROR;
				CLANG_WARN_QUOTED_INCLUDE_IN_FRAMEWORK_HEADER = YES;
				CLANG_WARN_RANGE_LOOP_ANALYSIS = YES;
				CLANG_WARN_STRICT_PROTOTYPES = YES;
				CLANG_WARN_SUSPICIOUS_MOVE = YES;
				CLANG_WARN_UNGUARDED_AVAILABILITY = YES_AGGRESSIVE;
				CLANG_WARN_UNREACHABLE_CODE = YES;
				CLANG_WARN__DUPLICATE_METHOD_MATCH = YES;
				COPY_PHASE_STRIP = NO;
				DEBUG_INFORMATION_FORMAT = dwarf;
				ENABLE_STRICT_OBJC_MSGSEND = YES;
				ENABLE_TESTABILITY = YES;
				ENABLE_USER_SCRIPT_SANDBOXING = YES;
				GCC_C_LANGUAGE_STANDARD = gnu17;
				GCC_DYNAMIC_NO_PIC = NO;
				GCC_NO_COMMON_BLOCKS = YES;
				GCC_OPTIMIZATION_LEVEL = 0;
				GCC_PREPROCESSOR_DEFINITIONS = (
					"DEBUG=1",
					"$(inherited)",
				);
				GCC_WARN_64_TO_32_BIT_CONVERSION = YES;
				GCC_WARN_ABOUT_RETURN_TYPE = YES_ERROR;
				GCC_WARN_UNDECLARED_SELECTOR = YES;
				GCC_WARN_UNINITIALIZED_AUTOS = YES_AGGRESSIVE;
				GCC_WARN_UNUSED_FUNCTION = YES;
				GCC_WARN_UNUSED_VARIABLE = YES;
				IPHONEOS_DEPLOYMENT_TARGET = 17.2;
				LOCALIZATION_PREFERS_STRING_CATALOGS = YES;
				MTL_ENABLE_DEBUG_INFO = INCLUDE_SOURCE;
				MTL_FAST_MATH = YES;
				ONLY_ACTIVE_ARCH = YES;
				SDKROOT = iphoneos;
				SWIFT_ACTIVE_COMPILATION_CONDITIONS = "DEBUG $(inherited)";
				SWIFT_OPTIMIZATION_LEVEL = "-Onone";
			};
			name = Debug;
		};
		408B54022C1A94D7003DE834 /* Release */ = {
			isa = XCBuildConfiguration;
			buildSettings = {
				ALWAYS_SEARCH_USER_PATHS = NO;
				ASSETCATALOG_COMPILER_GENERATE_SWIFT_ASSET_SYMBOL_EXTENSIONS = YES;
				CLANG_ANALYZER_NONNULL = YES;
				CLANG_ANALYZER_NUMBER_OBJECT_CONVERSION = YES_AGGRESSIVE;
				CLANG_CXX_LANGUAGE_STANDARD = "gnu++20";
				CLANG_ENABLE_MODULES = YES;
				CLANG_ENABLE_OBJC_ARC = YES;
				CLANG_ENABLE_OBJC_WEAK = YES;
				CLANG_WARN_BLOCK_CAPTURE_AUTORELEASING = YES;
				CLANG_WARN_BOOL_CONVERSION = YES;
				CLANG_WARN_COMMA = YES;
				CLANG_WARN_CONSTANT_CONVERSION = YES;
				CLANG_WARN_DEPRECATED_OBJC_IMPLEMENTATIONS = YES;
				CLANG_WARN_DIRECT_OBJC_ISA_USAGE = YES_ERROR;
				CLANG_WARN_DOCUMENTATION_COMMENTS = YES;
				CLANG_WARN_EMPTY_BODY = YES;
				CLANG_WARN_ENUM_CONVERSION = YES;
				CLANG_WARN_INFINITE_RECURSION = YES;
				CLANG_WARN_INT_CONVERSION = YES;
				CLANG_WARN_NON_LITERAL_NULL_CONVERSION = YES;
				CLANG_WARN_OBJC_IMPLICIT_RETAIN_SELF = YES;
				CLANG_WARN_OBJC_LITERAL_CONVERSION = YES;
				CLANG_WARN_OBJC_ROOT_CLASS = YES_ERROR;
				CLANG_WARN_QUOTED_INCLUDE_IN_FRAMEWORK_HEADER = YES;
				CLANG_WARN_RANGE_LOOP_ANALYSIS = YES;
				CLANG_WARN_STRICT_PROTOTYPES = YES;
				CLANG_WARN_SUSPICIOUS_MOVE = YES;
				CLANG_WARN_UNGUARDED_AVAILABILITY = YES_AGGRESSIVE;
				CLANG_WARN_UNREACHABLE_CODE = YES;
				CLANG_WARN__DUPLICATE_METHOD_MATCH = YES;
				COPY_PHASE_STRIP = NO;
				DEBUG_INFORMATION_FORMAT = "dwarf-with-dsym";
				ENABLE_NS_ASSERTIONS = NO;
				ENABLE_STRICT_OBJC_MSGSEND = YES;
				ENABLE_USER_SCRIPT_SANDBOXING = YES;
				GCC_C_LANGUAGE_STANDARD = gnu17;
				GCC_NO_COMMON_BLOCKS = YES;
				GCC_WARN_64_TO_32_BIT_CONVERSION = YES;
				GCC_WARN_ABOUT_RETURN_TYPE = YES_ERROR;
				GCC_WARN_UNDECLARED_SELECTOR = YES;
				GCC_WARN_UNINITIALIZED_AUTOS = YES_AGGRESSIVE;
				GCC_WARN_UNUSED_FUNCTION = YES;
				GCC_WARN_UNUSED_VARIABLE = YES;
				IPHONEOS_DEPLOYMENT_TARGET = 17.2;
				LOCALIZATION_PREFERS_STRING_CATALOGS = YES;
				MTL_ENABLE_DEBUG_INFO = NO;
				MTL_FAST_MATH = YES;
				SDKROOT = iphoneos;
				SWIFT_COMPILATION_MODE = wholemodule;
				VALIDATE_PRODUCT = YES;
			};
			name = Release;
		};
		408B54042C1A94D7003DE834 /* Debug */ = {
			isa = XCBuildConfiguration;
			buildSettings = {
				ASSETCATALOG_COMPILER_APPICON_NAME = AppIcon;
				ASSETCATALOG_COMPILER_GLOBAL_ACCENT_COLOR_NAME = AccentColor;
				CODE_SIGN_ENTITLEMENTS = Cooworka/Cooworka.entitlements;
				CODE_SIGN_STYLE = Automatic;
				CURRENT_PROJECT_VERSION = 1;
				DEVELOPMENT_ASSET_PATHS = "\"Cooworka/Preview Content\"";
				DEVELOPMENT_TEAM = G43U5DAGS3;
				ENABLE_PREVIEWS = YES;
				GENERATE_INFOPLIST_FILE = YES;
				INFOPLIST_FILE = Cooworka/Info.plist;
				INFOPLIST_KEY_NSLocationWhenInUseUsageDescription = "Cooworka need your location to find nearby cafes.";
				INFOPLIST_KEY_NSPhotoLibraryUsageDescription = "We need access to your photo library to select photos.";
				INFOPLIST_KEY_UIApplicationSceneManifest_Generation = YES;
				INFOPLIST_KEY_UIApplicationSupportsIndirectInputEvents = YES;
				INFOPLIST_KEY_UILaunchScreen_Generation = YES;
				INFOPLIST_KEY_UISupportedInterfaceOrientations_iPad = "UIInterfaceOrientationPortrait UIInterfaceOrientationPortraitUpsideDown UIInterfaceOrientationLandscapeLeft UIInterfaceOrientationLandscapeRight";
				INFOPLIST_KEY_UISupportedInterfaceOrientations_iPhone = "UIInterfaceOrientationPortrait UIInterfaceOrientationLandscapeLeft UIInterfaceOrientationLandscapeRight";
				LD_RUNPATH_SEARCH_PATHS = (
					"$(inherited)",
					"@executable_path/Frameworks",
				);
				MARKETING_VERSION = 1.0;
				PRODUCT_BUNDLE_IDENTIFIER = id.Natasha.Cooworka2;
				PRODUCT_NAME = "$(TARGET_NAME)";
				SWIFT_EMIT_LOC_STRINGS = YES;
				SWIFT_VERSION = 5.0;
				TARGETED_DEVICE_FAMILY = "1,2";
			};
			name = Debug;
		};
		408B54052C1A94D7003DE834 /* Release */ = {
			isa = XCBuildConfiguration;
			buildSettings = {
				ASSETCATALOG_COMPILER_APPICON_NAME = AppIcon;
				ASSETCATALOG_COMPILER_GLOBAL_ACCENT_COLOR_NAME = AccentColor;
				CODE_SIGN_ENTITLEMENTS = Cooworka/Cooworka.entitlements;
				CODE_SIGN_STYLE = Automatic;
				CURRENT_PROJECT_VERSION = 1;
				DEVELOPMENT_ASSET_PATHS = "\"Cooworka/Preview Content\"";
				DEVELOPMENT_TEAM = G43U5DAGS3;
				ENABLE_PREVIEWS = YES;
				GENERATE_INFOPLIST_FILE = YES;
				INFOPLIST_FILE = Cooworka/Info.plist;
				INFOPLIST_KEY_NSLocationWhenInUseUsageDescription = "Cooworka need your location to find nearby cafes.";
				INFOPLIST_KEY_NSPhotoLibraryUsageDescription = "We need access to your photo library to select photos.";
				INFOPLIST_KEY_UIApplicationSceneManifest_Generation = YES;
				INFOPLIST_KEY_UIApplicationSupportsIndirectInputEvents = YES;
				INFOPLIST_KEY_UILaunchScreen_Generation = YES;
				INFOPLIST_KEY_UISupportedInterfaceOrientations_iPad = "UIInterfaceOrientationPortrait UIInterfaceOrientationPortraitUpsideDown UIInterfaceOrientationLandscapeLeft UIInterfaceOrientationLandscapeRight";
				INFOPLIST_KEY_UISupportedInterfaceOrientations_iPhone = "UIInterfaceOrientationPortrait UIInterfaceOrientationLandscapeLeft UIInterfaceOrientationLandscapeRight";
				LD_RUNPATH_SEARCH_PATHS = (
					"$(inherited)",
					"@executable_path/Frameworks",
				);
				MARKETING_VERSION = 1.0;
				PRODUCT_BUNDLE_IDENTIFIER = id.Natasha.Cooworka2;
				PRODUCT_NAME = "$(TARGET_NAME)";
				SWIFT_EMIT_LOC_STRINGS = YES;
				SWIFT_VERSION = 5.0;
				TARGETED_DEVICE_FAMILY = "1,2";
			};
			name = Release;
		};
		408B54072C1A94D7003DE834 /* Debug */ = {
			isa = XCBuildConfiguration;
			buildSettings = {
				ALWAYS_EMBED_SWIFT_STANDARD_LIBRARIES = YES;
				BUNDLE_LOADER = "$(TEST_HOST)";
				CODE_SIGN_STYLE = Automatic;
				CURRENT_PROJECT_VERSION = 1;
				DEVELOPMENT_TEAM = 6Y742356Q3;
				GENERATE_INFOPLIST_FILE = YES;
				IPHONEOS_DEPLOYMENT_TARGET = 17.2;
				MARKETING_VERSION = 1.0;
				PRODUCT_BUNDLE_IDENTIFIER = id.Natasha.CooworkaTests;
				PRODUCT_NAME = "$(TARGET_NAME)";
				SWIFT_EMIT_LOC_STRINGS = NO;
				SWIFT_VERSION = 5.0;
				TARGETED_DEVICE_FAMILY = "1,2";
				TEST_HOST = "$(BUILT_PRODUCTS_DIR)/Cooworka.app/$(BUNDLE_EXECUTABLE_FOLDER_PATH)/Cooworka";
			};
			name = Debug;
		};
		408B54082C1A94D7003DE834 /* Release */ = {
			isa = XCBuildConfiguration;
			buildSettings = {
				ALWAYS_EMBED_SWIFT_STANDARD_LIBRARIES = YES;
				BUNDLE_LOADER = "$(TEST_HOST)";
				CODE_SIGN_STYLE = Automatic;
				CURRENT_PROJECT_VERSION = 1;
				DEVELOPMENT_TEAM = 6Y742356Q3;
				GENERATE_INFOPLIST_FILE = YES;
				IPHONEOS_DEPLOYMENT_TARGET = 17.2;
				MARKETING_VERSION = 1.0;
				PRODUCT_BUNDLE_IDENTIFIER = id.Natasha.CooworkaTests;
				PRODUCT_NAME = "$(TARGET_NAME)";
				SWIFT_EMIT_LOC_STRINGS = NO;
				SWIFT_VERSION = 5.0;
				TARGETED_DEVICE_FAMILY = "1,2";
				TEST_HOST = "$(BUILT_PRODUCTS_DIR)/Cooworka.app/$(BUNDLE_EXECUTABLE_FOLDER_PATH)/Cooworka";
			};
			name = Release;
		};
		408B540A2C1A94D7003DE834 /* Debug */ = {
			isa = XCBuildConfiguration;
			buildSettings = {
				ALWAYS_EMBED_SWIFT_STANDARD_LIBRARIES = YES;
				CODE_SIGN_STYLE = Automatic;
				CURRENT_PROJECT_VERSION = 1;
				DEVELOPMENT_TEAM = 6Y742356Q3;
				GENERATE_INFOPLIST_FILE = YES;
				MARKETING_VERSION = 1.0;
				PRODUCT_BUNDLE_IDENTIFIER = id.Natasha.CooworkaUITests;
				PRODUCT_NAME = "$(TARGET_NAME)";
				SWIFT_EMIT_LOC_STRINGS = NO;
				SWIFT_VERSION = 5.0;
				TARGETED_DEVICE_FAMILY = "1,2";
				TEST_TARGET_NAME = Cooworka;
			};
			name = Debug;
		};
		408B540B2C1A94D7003DE834 /* Release */ = {
			isa = XCBuildConfiguration;
			buildSettings = {
				ALWAYS_EMBED_SWIFT_STANDARD_LIBRARIES = YES;
				CODE_SIGN_STYLE = Automatic;
				CURRENT_PROJECT_VERSION = 1;
				DEVELOPMENT_TEAM = 6Y742356Q3;
				GENERATE_INFOPLIST_FILE = YES;
				MARKETING_VERSION = 1.0;
				PRODUCT_BUNDLE_IDENTIFIER = id.Natasha.CooworkaUITests;
				PRODUCT_NAME = "$(TARGET_NAME)";
				SWIFT_EMIT_LOC_STRINGS = NO;
				SWIFT_VERSION = 5.0;
				TARGETED_DEVICE_FAMILY = "1,2";
				TEST_TARGET_NAME = Cooworka;
			};
			name = Release;
		};
/* End XCBuildConfiguration section */

/* Begin XCConfigurationList section */
		408B53DA2C1A94D5003DE834 /* Build configuration list for PBXProject "Cooworka" */ = {
			isa = XCConfigurationList;
			buildConfigurations = (
				408B54012C1A94D7003DE834 /* Debug */,
				408B54022C1A94D7003DE834 /* Release */,
			);
			defaultConfigurationIsVisible = 0;
			defaultConfigurationName = Release;
		};
		408B54032C1A94D7003DE834 /* Build configuration list for PBXNativeTarget "Cooworka" */ = {
			isa = XCConfigurationList;
			buildConfigurations = (
				408B54042C1A94D7003DE834 /* Debug */,
				408B54052C1A94D7003DE834 /* Release */,
			);
			defaultConfigurationIsVisible = 0;
			defaultConfigurationName = Release;
		};
		408B54062C1A94D7003DE834 /* Build configuration list for PBXNativeTarget "CooworkaTests" */ = {
			isa = XCConfigurationList;
			buildConfigurations = (
				408B54072C1A94D7003DE834 /* Debug */,
				408B54082C1A94D7003DE834 /* Release */,
			);
			defaultConfigurationIsVisible = 0;
			defaultConfigurationName = Release;
		};
		408B54092C1A94D7003DE834 /* Build configuration list for PBXNativeTarget "CooworkaUITests" */ = {
			isa = XCConfigurationList;
			buildConfigurations = (
				408B540A2C1A94D7003DE834 /* Debug */,
				408B540B2C1A94D7003DE834 /* Release */,
			);
			defaultConfigurationIsVisible = 0;
			defaultConfigurationName = Release;
		};
/* End XCConfigurationList section */
	};
	rootObject = 408B53D72C1A94D5003DE834 /* Project object */;
}
