// !$*UTF8*$!
{
	archiveVersion = 1;
	classes = {
	};
	objectVersion = 56;
	objects = {

/* Begin PBXBuildFile section */
		406D8A402C22953A00A4B724 /* PageReview.swift in Sources */ = {isa = PBXBuildFile; fileRef = 406D8A3F2C22953A00A4B724 /* PageReview.swift */; };
		406D8A422C22955A00A4B724 /* SearchNearby.swift in Sources */ = {isa = PBXBuildFile; fileRef = 406D8A412C22955A00A4B724 /* SearchNearby.swift */; };
		406D8A442C22957200A4B724 /* SignInApple.swift in Sources */ = {isa = PBXBuildFile; fileRef = 406D8A432C22957200A4B724 /* SignInApple.swift */; };
		406D8A492C22974A00A4B724 /* Nunito-Regular.ttf in Resources */ = {isa = PBXBuildFile; fileRef = 406D8A482C22974A00A4B724 /* Nunito-Regular.ttf */; };
		406D8A4B2C22975700A4B724 /* Nunito-Bold.ttf in Resources */ = {isa = PBXBuildFile; fileRef = 406D8A4A2C22975700A4B724 /* Nunito-Bold.ttf */; };
		408B53E32C1A94D5003DE834 /* CooworkaApp.swift in Sources */ = {isa = PBXBuildFile; fileRef = 408B53E22C1A94D5003DE834 /* CooworkaApp.swift */; };
		408B53E52C1A94D5003DE834 /* ContentView.swift in Sources */ = {isa = PBXBuildFile; fileRef = 408B53E42C1A94D5003DE834 /* ContentView.swift */; };
		408B53E72C1A94D7003DE834 /* Assets.xcassets in Resources */ = {isa = PBXBuildFile; fileRef = 408B53E62C1A94D7003DE834 /* Assets.xcassets */; };
		408B53EA2C1A94D7003DE834 /* Preview Assets.xcassets in Resources */ = {isa = PBXBuildFile; fileRef = 408B53E92C1A94D7003DE834 /* Preview Assets.xcassets */; };
		408B53F42C1A94D7003DE834 /* CooworkaTests.swift in Sources */ = {isa = PBXBuildFile; fileRef = 408B53F32C1A94D7003DE834 /* CooworkaTests.swift */; };
		408B53FE2C1A94D7003DE834 /* CooworkaUITests.swift in Sources */ = {isa = PBXBuildFile; fileRef = 408B53FD2C1A94D7003DE834 /* CooworkaUITests.swift */; };
		408B54002C1A94D7003DE834 /* CooworkaUITestsLaunchTests.swift in Sources */ = {isa = PBXBuildFile; fileRef = 408B53FF2C1A94D7003DE834 /* CooworkaUITestsLaunchTests.swift */; };
		630C1EB42C23DFDE007A5CA7 /* YesOrNoRating.swift in Sources */ = {isa = PBXBuildFile; fileRef = 630C1EB32C23DFDE007A5CA7 /* YesOrNoRating.swift */; };
		630C1EB62C23F20F007A5CA7 /* PreviewYesNoButton.swift in Sources */ = {isa = PBXBuildFile; fileRef = 630C1EB52C23F20F007A5CA7 /* PreviewYesNoButton.swift */; };
		63819FBE2C244A2500826F04 /* ReviewPage2.swift in Sources */ = {isa = PBXBuildFile; fileRef = 63819FBD2C244A2500826F04 /* ReviewPage2.swift */; };
		63819FC02C2469A300826F04 /* SocketQty.swift in Sources */ = {isa = PBXBuildFile; fileRef = 63819FBF2C2469A300826F04 /* SocketQty.swift */; };
		63819FC22C246CDE00826F04 /* QtyComponent.swift in Sources */ = {isa = PBXBuildFile; fileRef = 63819FC12C246CDE00826F04 /* QtyComponent.swift */; };
		63819FC42C247EED00826F04 /* EmoticonComponent.swift in Sources */ = {isa = PBXBuildFile; fileRef = 63819FC32C247EED00826F04 /* EmoticonComponent.swift */; };
		63819FC62C24819400826F04 /* EmotNText.swift in Sources */ = {isa = PBXBuildFile; fileRef = 63819FC52C24819400826F04 /* EmotNText.swift */; };
		63B5C7552C2520300056341A /* ReviewPage3.swift in Sources */ = {isa = PBXBuildFile; fileRef = 63B5C7542C2520300056341A /* ReviewPage3.swift */; };
		63B5C7572C25211E0056341A /* KetersediaanParkirElement.swift in Sources */ = {isa = PBXBuildFile; fileRef = 63B5C7562C25211E0056341A /* KetersediaanParkirElement.swift */; };
		63B96D862C23249300078480 /* ReviewPageInitial.swift in Sources */ = {isa = PBXBuildFile; fileRef = 63B96D852C23249300078480 /* ReviewPageInitial.swift */; };
		63B96D882C232E3300078480 /* ReviewPage1.swift in Sources */ = {isa = PBXBuildFile; fileRef = 63B96D872C232E3300078480 /* ReviewPage1.swift */; };
		63B96D8B2C2338A900078480 /* LineProgressReview.swift in Sources */ = {isa = PBXBuildFile; fileRef = 63B96D8A2C2338A900078480 /* LineProgressReview.swift */; };
		63D333C42C21E17800036379 /* Cafe.swift in Sources */ = {isa = PBXBuildFile; fileRef = 63D333C32C21E17800036379 /* Cafe.swift */; };
		63D333C62C21E38D00036379 /* Check In.swift in Sources */ = {isa = PBXBuildFile; fileRef = 63D333C52C21E38D00036379 /* Check In.swift */; };
		63D333C82C21E39600036379 /* User.swift in Sources */ = {isa = PBXBuildFile; fileRef = 63D333C72C21E39600036379 /* User.swift */; };
		63D333CA2C21E3A200036379 /* Review.swift in Sources */ = {isa = PBXBuildFile; fileRef = 63D333C92C21E3A200036379 /* Review.swift */; };
		63D333CC2C21E3AD00036379 /* Quick Survey.swift in Sources */ = {isa = PBXBuildFile; fileRef = 63D333CB2C21E3AD00036379 /* Quick Survey.swift */; };
		63D333CE2C21E3B300036379 /* User Level.swift in Sources */ = {isa = PBXBuildFile; fileRef = 63D333CD2C21E3B300036379 /* User Level.swift */; };
		63D333D02C21E3B900036379 /* Foto.swift in Sources */ = {isa = PBXBuildFile; fileRef = 63D333CF2C21E3B900036379 /* Foto.swift */; };
		63D333D22C21E3BE00036379 /* Level.swift in Sources */ = {isa = PBXBuildFile; fileRef = 63D333D12C21E3BE00036379 /* Level.swift */; };
		63D45AFC2C23CDE100FEC85A /* StarRatingComponent.swift in Sources */ = {isa = PBXBuildFile; fileRef = 63D45AFB2C23CDE100FEC85A /* StarRatingComponent.swift */; };
		63D45AFE2C23D1F000FEC85A /* StarRating.swift in Sources */ = {isa = PBXBuildFile; fileRef = 63D45AFD2C23D1F000FEC85A /* StarRating.swift */; };
		A8B07B432C226C9F005F662E /* CloudKitRecord.swift in Sources */ = {isa = PBXBuildFile; fileRef = A8B07B422C226C9F005F662E /* CloudKitRecord.swift */; };
		A8B07B452C226CFC005F662E /* CloudKitManager.swift in Sources */ = {isa = PBXBuildFile; fileRef = A8B07B442C226CFC005F662E /* CloudKitManager.swift */; };
		A8B07B482C226D92005F662E /* CafeRepository.swift in Sources */ = {isa = PBXBuildFile; fileRef = A8B07B472C226D92005F662E /* CafeRepository.swift */; };
		A8B07B4A2C2274CD005F662E /* ContentViewModel.swift in Sources */ = {isa = PBXBuildFile; fileRef = A8B07B492C2274CD005F662E /* ContentViewModel.swift */; };
/* End PBXBuildFile section */

/* Begin PBXContainerItemProxy section */
		408B53F02C1A94D7003DE834 /* PBXContainerItemProxy */ = {
			isa = PBXContainerItemProxy;
			containerPortal = 408B53D72C1A94D5003DE834 /* Project object */;
			proxyType = 1;
			remoteGlobalIDString = 408B53DE2C1A94D5003DE834;
			remoteInfo = Cooworka;
		};
		408B53FA2C1A94D7003DE834 /* PBXContainerItemProxy */ = {
			isa = PBXContainerItemProxy;
			containerPortal = 408B53D72C1A94D5003DE834 /* Project object */;
			proxyType = 1;
			remoteGlobalIDString = 408B53DE2C1A94D5003DE834;
			remoteInfo = Cooworka;
		};
/* End PBXContainerItemProxy section */

/* Begin PBXFileReference section */
		406D8A3F2C22953A00A4B724 /* PageReview.swift */ = {isa = PBXFileReference; lastKnownFileType = sourcecode.swift; path = PageReview.swift; sourceTree = "<group>"; };
		406D8A412C22955A00A4B724 /* SearchNearby.swift */ = {isa = PBXFileReference; lastKnownFileType = sourcecode.swift; path = SearchNearby.swift; sourceTree = "<group>"; };
		406D8A432C22957200A4B724 /* SignInApple.swift */ = {isa = PBXFileReference; lastKnownFileType = sourcecode.swift; path = SignInApple.swift; sourceTree = "<group>"; };
		406D8A482C22974A00A4B724 /* Nunito-Regular.ttf */ = {isa = PBXFileReference; lastKnownFileType = file; path = "Nunito-Regular.ttf"; sourceTree = "<group>"; };
		406D8A4A2C22975700A4B724 /* Nunito-Bold.ttf */ = {isa = PBXFileReference; lastKnownFileType = file; path = "Nunito-Bold.ttf"; sourceTree = "<group>"; };
		406D8A4C2C22978600A4B724 /* Info.plist */ = {isa = PBXFileReference; lastKnownFileType = text.plist; path = Info.plist; sourceTree = "<group>"; };
		408B53DF2C1A94D5003DE834 /* Cooworka.app */ = {isa = PBXFileReference; explicitFileType = wrapper.application; includeInIndex = 0; path = Cooworka.app; sourceTree = BUILT_PRODUCTS_DIR; };
		408B53E22C1A94D5003DE834 /* CooworkaApp.swift */ = {isa = PBXFileReference; lastKnownFileType = sourcecode.swift; path = CooworkaApp.swift; sourceTree = "<group>"; };
		408B53E42C1A94D5003DE834 /* ContentView.swift */ = {isa = PBXFileReference; lastKnownFileType = sourcecode.swift; path = ContentView.swift; sourceTree = "<group>"; };
		408B53E62C1A94D7003DE834 /* Assets.xcassets */ = {isa = PBXFileReference; lastKnownFileType = folder.assetcatalog; path = Assets.xcassets; sourceTree = "<group>"; };
		408B53E92C1A94D7003DE834 /* Preview Assets.xcassets */ = {isa = PBXFileReference; lastKnownFileType = folder.assetcatalog; path = "Preview Assets.xcassets"; sourceTree = "<group>"; };
		408B53EF2C1A94D7003DE834 /* CooworkaTests.xctest */ = {isa = PBXFileReference; explicitFileType = wrapper.cfbundle; includeInIndex = 0; path = CooworkaTests.xctest; sourceTree = BUILT_PRODUCTS_DIR; };
		408B53F32C1A94D7003DE834 /* CooworkaTests.swift */ = {isa = PBXFileReference; lastKnownFileType = sourcecode.swift; path = CooworkaTests.swift; sourceTree = "<group>"; };
		408B53F92C1A94D7003DE834 /* CooworkaUITests.xctest */ = {isa = PBXFileReference; explicitFileType = wrapper.cfbundle; includeInIndex = 0; path = CooworkaUITests.xctest; sourceTree = BUILT_PRODUCTS_DIR; };
		408B53FD2C1A94D7003DE834 /* CooworkaUITests.swift */ = {isa = PBXFileReference; lastKnownFileType = sourcecode.swift; path = CooworkaUITests.swift; sourceTree = "<group>"; };
		408B53FF2C1A94D7003DE834 /* CooworkaUITestsLaunchTests.swift */ = {isa = PBXFileReference; lastKnownFileType = sourcecode.swift; path = CooworkaUITestsLaunchTests.swift; sourceTree = "<group>"; };
		630C1EB32C23DFDE007A5CA7 /* YesOrNoRating.swift */ = {isa = PBXFileReference; lastKnownFileType = sourcecode.swift; path = YesOrNoRating.swift; sourceTree = "<group>"; };
		630C1EB52C23F20F007A5CA7 /* PreviewYesNoButton.swift */ = {isa = PBXFileReference; lastKnownFileType = sourcecode.swift; path = PreviewYesNoButton.swift; sourceTree = "<group>"; };
		63819FBD2C244A2500826F04 /* ReviewPage2.swift */ = {isa = PBXFileReference; lastKnownFileType = sourcecode.swift; path = ReviewPage2.swift; sourceTree = "<group>"; };
		63819FBF2C2469A300826F04 /* SocketQty.swift */ = {isa = PBXFileReference; lastKnownFileType = sourcecode.swift; path = SocketQty.swift; sourceTree = "<group>"; };
		63819FC12C246CDE00826F04 /* QtyComponent.swift */ = {isa = PBXFileReference; lastKnownFileType = sourcecode.swift; path = QtyComponent.swift; sourceTree = "<group>"; };
		63819FC32C247EED00826F04 /* EmoticonComponent.swift */ = {isa = PBXFileReference; lastKnownFileType = sourcecode.swift; path = EmoticonComponent.swift; sourceTree = "<group>"; };
		63819FC52C24819400826F04 /* EmotNText.swift */ = {isa = PBXFileReference; lastKnownFileType = sourcecode.swift; path = EmotNText.swift; sourceTree = "<group>"; };
		63B5C7542C2520300056341A /* ReviewPage3.swift */ = {isa = PBXFileReference; lastKnownFileType = sourcecode.swift; path = ReviewPage3.swift; sourceTree = "<group>"; };
		63B5C7562C25211E0056341A /* KetersediaanParkirElement.swift */ = {isa = PBXFileReference; lastKnownFileType = sourcecode.swift; path = KetersediaanParkirElement.swift; sourceTree = "<group>"; };
		63B96D852C23249300078480 /* ReviewPageInitial.swift */ = {isa = PBXFileReference; lastKnownFileType = sourcecode.swift; path = ReviewPageInitial.swift; sourceTree = "<group>"; };
		63B96D872C232E3300078480 /* ReviewPage1.swift */ = {isa = PBXFileReference; lastKnownFileType = sourcecode.swift; path = ReviewPage1.swift; sourceTree = "<group>"; };
		63B96D8A2C2338A900078480 /* LineProgressReview.swift */ = {isa = PBXFileReference; lastKnownFileType = sourcecode.swift; path = LineProgressReview.swift; sourceTree = "<group>"; };
		63D333C32C21E17800036379 /* Cafe.swift */ = {isa = PBXFileReference; lastKnownFileType = sourcecode.swift; path = Cafe.swift; sourceTree = "<group>"; };
		63D333C52C21E38D00036379 /* Check In.swift */ = {isa = PBXFileReference; lastKnownFileType = sourcecode.swift; path = "Check In.swift"; sourceTree = "<group>"; };
		63D333C72C21E39600036379 /* User.swift */ = {isa = PBXFileReference; lastKnownFileType = sourcecode.swift; path = User.swift; sourceTree = "<group>"; };
		63D333C92C21E3A200036379 /* Review.swift */ = {isa = PBXFileReference; lastKnownFileType = sourcecode.swift; path = Review.swift; sourceTree = "<group>"; };
		63D333CB2C21E3AD00036379 /* Quick Survey.swift */ = {isa = PBXFileReference; lastKnownFileType = sourcecode.swift; path = "Quick Survey.swift"; sourceTree = "<group>"; };
		63D333CD2C21E3B300036379 /* User Level.swift */ = {isa = PBXFileReference; lastKnownFileType = sourcecode.swift; path = "User Level.swift"; sourceTree = "<group>"; };
		63D333CF2C21E3B900036379 /* Foto.swift */ = {isa = PBXFileReference; lastKnownFileType = sourcecode.swift; path = Foto.swift; sourceTree = "<group>"; };
		63D333D12C21E3BE00036379 /* Level.swift */ = {isa = PBXFileReference; lastKnownFileType = sourcecode.swift; path = Level.swift; sourceTree = "<group>"; };
		63D45AFB2C23CDE100FEC85A /* StarRatingComponent.swift */ = {isa = PBXFileReference; lastKnownFileType = sourcecode.swift; path = StarRatingComponent.swift; sourceTree = "<group>"; };
		63D45AFD2C23D1F000FEC85A /* StarRating.swift */ = {isa = PBXFileReference; lastKnownFileType = sourcecode.swift; path = StarRating.swift; sourceTree = "<group>"; };
		A8B07B422C226C9F005F662E /* CloudKitRecord.swift */ = {isa = PBXFileReference; lastKnownFileType = sourcecode.swift; path = CloudKitRecord.swift; sourceTree = "<group>"; };
		A8B07B442C226CFC005F662E /* CloudKitManager.swift */ = {isa = PBXFileReference; lastKnownFileType = sourcecode.swift; path = CloudKitManager.swift; sourceTree = "<group>"; };
		A8B07B472C226D92005F662E /* CafeRepository.swift */ = {isa = PBXFileReference; lastKnownFileType = sourcecode.swift; path = CafeRepository.swift; sourceTree = "<group>"; };
		A8B07B492C2274CD005F662E /* ContentViewModel.swift */ = {isa = PBXFileReference; lastKnownFileType = sourcecode.swift; path = ContentViewModel.swift; sourceTree = "<group>"; };
/* End PBXFileReference section */

/* Begin PBXFrameworksBuildPhase section */
		408B53DC2C1A94D5003DE834 /* Frameworks */ = {
			isa = PBXFrameworksBuildPhase;
			buildActionMask = 2147483647;
			files = (
			);
			runOnlyForDeploymentPostprocessing = 0;
		};
		408B53EC2C1A94D7003DE834 /* Frameworks */ = {
			isa = PBXFrameworksBuildPhase;
			buildActionMask = 2147483647;
			files = (
			);
			runOnlyForDeploymentPostprocessing = 0;
		};
		408B53F62C1A94D7003DE834 /* Frameworks */ = {
			isa = PBXFrameworksBuildPhase;
			buildActionMask = 2147483647;
			files = (
			);
			runOnlyForDeploymentPostprocessing = 0;
		};
/* End PBXFrameworksBuildPhase section */

/* Begin PBXGroup section */
		406D8A472C22972D00A4B724 /* Font */ = {
			isa = PBXGroup;
			children = (
				406D8A482C22974A00A4B724 /* Nunito-Regular.ttf */,
				406D8A4A2C22975700A4B724 /* Nunito-Bold.ttf */,
			);
			path = Font;
			sourceTree = "<group>";
		};
		408B53D62C1A94D5003DE834 = {
			isa = PBXGroup;
			children = (
				408B53E12C1A94D5003DE834 /* Cooworka */,
				408B53F22C1A94D7003DE834 /* CooworkaTests */,
				408B53FC2C1A94D7003DE834 /* CooworkaUITests */,
				408B53E02C1A94D5003DE834 /* Products */,
			);
			sourceTree = "<group>";
		};
		408B53E02C1A94D5003DE834 /* Products */ = {
			isa = PBXGroup;
			children = (
				408B53DF2C1A94D5003DE834 /* Cooworka.app */,
				408B53EF2C1A94D7003DE834 /* CooworkaTests.xctest */,
				408B53F92C1A94D7003DE834 /* CooworkaUITests.xctest */,
			);
			name = Products;
			sourceTree = "<group>";
		};
		408B53E12C1A94D5003DE834 /* Cooworka */ = {
			isa = PBXGroup;
			children = (
				406D8A4C2C22978600A4B724 /* Info.plist */,
				408B53E22C1A94D5003DE834 /* CooworkaApp.swift */,
				63B96D892C23387200078480 /* Component */,
				A8B07B462C226D74005F662E /* Repositories */,
				A8B07B412C226C77005F662E /* Managers */,
				A8B07B402C226BE2005F662E /* ViewModels */,
				A8B07B3F2C226BD3005F662E /* Views */,
				63D333C22C21E11000036379 /* ModelData */,
				408B53E62C1A94D7003DE834 /* Assets.xcassets */,
				406D8A472C22972D00A4B724 /* Font */,
				408B53E82C1A94D7003DE834 /* Preview Content */,
			);
			path = Cooworka;
			sourceTree = "<group>";
		};
		408B53E82C1A94D7003DE834 /* Preview Content */ = {
			isa = PBXGroup;
			children = (
				408B53E92C1A94D7003DE834 /* Preview Assets.xcassets */,
			);
			path = "Preview Content";
			sourceTree = "<group>";
		};
		408B53F22C1A94D7003DE834 /* CooworkaTests */ = {
			isa = PBXGroup;
			children = (
				408B53F32C1A94D7003DE834 /* CooworkaTests.swift */,
			);
			path = CooworkaTests;
			sourceTree = "<group>";
		};
		408B53FC2C1A94D7003DE834 /* CooworkaUITests */ = {
			isa = PBXGroup;
			children = (
				408B53FD2C1A94D7003DE834 /* CooworkaUITests.swift */,
				408B53FF2C1A94D7003DE834 /* CooworkaUITestsLaunchTests.swift */,
			);
			path = CooworkaUITests;
			sourceTree = "<group>";
		};
		6368D5D32C252EC400F611BA /* YesOrNoRating */ = {
			isa = PBXGroup;
			children = (
				630C1EB32C23DFDE007A5CA7 /* YesOrNoRating.swift */,
				630C1EB52C23F20F007A5CA7 /* PreviewYesNoButton.swift */,
			);
			path = YesOrNoRating;
			sourceTree = "<group>";
		};
		6368D5D42C252EE700F611BA /* SocketQty */ = {
			isa = PBXGroup;
			children = (
				63819FC12C246CDE00826F04 /* QtyComponent.swift */,
				63819FBF2C2469A300826F04 /* SocketQty.swift */,
			);
			path = SocketQty;
			sourceTree = "<group>";
		};
		6368D5D52C252EFD00F611BA /* EmoticonReview */ = {
			isa = PBXGroup;
			children = (
				63819FC32C247EED00826F04 /* EmoticonComponent.swift */,
				63819FC52C24819400826F04 /* EmotNText.swift */,
			);
			path = EmoticonReview;
			sourceTree = "<group>";
		};
		63B5C7582C2521450056341A /* Line Progress */ = {
			isa = PBXGroup;
			children = (
				63B96D8A2C2338A900078480 /* LineProgressReview.swift */,
			);
			path = "Line Progress";
			sourceTree = "<group>";
		};
		63B5C7592C2521570056341A /* Star Rating */ = {
			isa = PBXGroup;
			children = (
				63D45AFB2C23CDE100FEC85A /* StarRatingComponent.swift */,
				63D45AFD2C23D1F000FEC85A /* StarRating.swift */,
			);
			path = "Star Rating";
			sourceTree = "<group>";
		};
		63B96D892C23387200078480 /* Component */ = {
			isa = PBXGroup;
			children = (
				63B5C7592C2521570056341A /* Star Rating */,
				6368D5D32C252EC400F611BA /* YesOrNoRating */,
				6368D5D52C252EFD00F611BA /* EmoticonReview */,
				6368D5D42C252EE700F611BA /* SocketQty */,
				63B5C7582C2521450056341A /* Line Progress */,
				63B5C7562C25211E0056341A /* KetersediaanParkirElement.swift */,
			);
			path = Component;
			sourceTree = "<group>";
		};
		63D333C22C21E11000036379 /* ModelData */ = {
			isa = PBXGroup;
			children = (
				63D333C32C21E17800036379 /* Cafe.swift */,
				63D333C52C21E38D00036379 /* Check In.swift */,
				63D333C72C21E39600036379 /* User.swift */,
				63D333C92C21E3A200036379 /* Review.swift */,
				63D333CB2C21E3AD00036379 /* Quick Survey.swift */,
				63D333CD2C21E3B300036379 /* User Level.swift */,
				63D333CF2C21E3B900036379 /* Foto.swift */,
				63D333D12C21E3BE00036379 /* Level.swift */,
				A8B07B422C226C9F005F662E /* CloudKitRecord.swift */,
			);
			path = ModelData;
			sourceTree = "<group>";
		};
		A8B07B3F2C226BD3005F662E /* Views */ = {
			isa = PBXGroup;
			children = (
				408B53E42C1A94D5003DE834 /* ContentView.swift */,
				406D8A3F2C22953A00A4B724 /* PageReview.swift */,
				406D8A432C22957200A4B724 /* SignInApple.swift */,
				63B96D852C23249300078480 /* ReviewPageInitial.swift */,
				63B96D872C232E3300078480 /* ReviewPage1.swift */,
				63819FBD2C244A2500826F04 /* ReviewPage2.swift */,
				63B5C7542C2520300056341A /* ReviewPage3.swift */,
			);
			path = Views;
			sourceTree = "<group>";
		};
		A8B07B402C226BE2005F662E /* ViewModels */ = {
			isa = PBXGroup;
			children = (
				A8B07B492C2274CD005F662E /* ContentViewModel.swift */,
				406D8A412C22955A00A4B724 /* SearchNearby.swift */,
			);
			path = ViewModels;
			sourceTree = "<group>";
		};
		A8B07B412C226C77005F662E /* Managers */ = {
			isa = PBXGroup;
			children = (
				A8B07B442C226CFC005F662E /* CloudKitManager.swift */,
			);
			path = Managers;
			sourceTree = "<group>";
		};
		A8B07B462C226D74005F662E /* Repositories */ = {
			isa = PBXGroup;
			children = (
				A8B07B472C226D92005F662E /* CafeRepository.swift */,
			);
			path = Repositories;
			sourceTree = "<group>";
		};
/* End PBXGroup section */

/* Begin PBXNativeTarget section */
		408B53DE2C1A94D5003DE834 /* Cooworka */ = {
			isa = PBXNativeTarget;
			buildConfigurationList = 408B54032C1A94D7003DE834 /* Build configuration list for PBXNativeTarget "Cooworka" */;
			buildPhases = (
				408B53DB2C1A94D5003DE834 /* Sources */,
				408B53DC2C1A94D5003DE834 /* Frameworks */,
				408B53DD2C1A94D5003DE834 /* Resources */,
			);
			buildRules = (
			);
			dependencies = (
			);
			name = Cooworka;
			productName = Cooworka;
			productReference = 408B53DF2C1A94D5003DE834 /* Cooworka.app */;
			productType = "com.apple.product-type.application";
		};
		408B53EE2C1A94D7003DE834 /* CooworkaTests */ = {
			isa = PBXNativeTarget;
			buildConfigurationList = 408B54062C1A94D7003DE834 /* Build configuration list for PBXNativeTarget "CooworkaTests" */;
			buildPhases = (
				408B53EB2C1A94D7003DE834 /* Sources */,
				408B53EC2C1A94D7003DE834 /* Frameworks */,
				408B53ED2C1A94D7003DE834 /* Resources */,
			);
			buildRules = (
			);
			dependencies = (
				408B53F12C1A94D7003DE834 /* PBXTargetDependency */,
			);
			name = CooworkaTests;
			productName = CooworkaTests;
			productReference = 408B53EF2C1A94D7003DE834 /* CooworkaTests.xctest */;
			productType = "com.apple.product-type.bundle.unit-test";
		};
		408B53F82C1A94D7003DE834 /* CooworkaUITests */ = {
			isa = PBXNativeTarget;
			buildConfigurationList = 408B54092C1A94D7003DE834 /* Build configuration list for PBXNativeTarget "CooworkaUITests" */;
			buildPhases = (
				408B53F52C1A94D7003DE834 /* Sources */,
				408B53F62C1A94D7003DE834 /* Frameworks */,
				408B53F72C1A94D7003DE834 /* Resources */,
			);
			buildRules = (
			);
			dependencies = (
				408B53FB2C1A94D7003DE834 /* PBXTargetDependency */,
			);
			name = CooworkaUITests;
			productName = CooworkaUITests;
			productReference = 408B53F92C1A94D7003DE834 /* CooworkaUITests.xctest */;
			productType = "com.apple.product-type.bundle.ui-testing";
		};
/* End PBXNativeTarget section */

/* Begin PBXProject section */
		408B53D72C1A94D5003DE834 /* Project object */ = {
			isa = PBXProject;
			attributes = {
				BuildIndependentTargetsInParallel = 1;
				LastSwiftUpdateCheck = 1520;
				LastUpgradeCheck = 1520;
				TargetAttributes = {
					408B53DE2C1A94D5003DE834 = {
						CreatedOnToolsVersion = 15.2;
					};
					408B53EE2C1A94D7003DE834 = {
						CreatedOnToolsVersion = 15.2;
						TestTargetID = 408B53DE2C1A94D5003DE834;
					};
					408B53F82C1A94D7003DE834 = {
						CreatedOnToolsVersion = 15.2;
						TestTargetID = 408B53DE2C1A94D5003DE834;
					};
				};
			};
			buildConfigurationList = 408B53DA2C1A94D5003DE834 /* Build configuration list for PBXProject "Cooworka" */;
			compatibilityVersion = "Xcode 14.0";
			developmentRegion = en;
			hasScannedForEncodings = 0;
			knownRegions = (
				en,
				Base,
			);
			mainGroup = 408B53D62C1A94D5003DE834;
			productRefGroup = 408B53E02C1A94D5003DE834 /* Products */;
			projectDirPath = "";
			projectRoot = "";
			targets = (
				408B53DE2C1A94D5003DE834 /* Cooworka */,
				408B53EE2C1A94D7003DE834 /* CooworkaTests */,
				408B53F82C1A94D7003DE834 /* CooworkaUITests */,
			);
		};
/* End PBXProject section */

/* Begin PBXResourcesBuildPhase section */
		408B53DD2C1A94D5003DE834 /* Resources */ = {
			isa = PBXResourcesBuildPhase;
			buildActionMask = 2147483647;
			files = (
				406D8A492C22974A00A4B724 /* Nunito-Regular.ttf in Resources */,
				408B53EA2C1A94D7003DE834 /* Preview Assets.xcassets in Resources */,
				406D8A4B2C22975700A4B724 /* Nunito-Bold.ttf in Resources */,
				408B53E72C1A94D7003DE834 /* Assets.xcassets in Resources */,
			);
			runOnlyForDeploymentPostprocessing = 0;
		};
		408B53ED2C1A94D7003DE834 /* Resources */ = {
			isa = PBXResourcesBuildPhase;
			buildActionMask = 2147483647;
			files = (
			);
			runOnlyForDeploymentPostprocessing = 0;
		};
		408B53F72C1A94D7003DE834 /* Resources */ = {
			isa = PBXResourcesBuildPhase;
			buildActionMask = 2147483647;
			files = (
			);
			runOnlyForDeploymentPostprocessing = 0;
		};
/* End PBXResourcesBuildPhase section */

/* Begin PBXSourcesBuildPhase section */
		408B53DB2C1A94D5003DE834 /* Sources */ = {
			isa = PBXSourcesBuildPhase;
			buildActionMask = 2147483647;
			files = (
				63819FC22C246CDE00826F04 /* QtyComponent.swift in Sources */,
				408B53E52C1A94D5003DE834 /* ContentView.swift in Sources */,
				63B5C7552C2520300056341A /* ReviewPage3.swift in Sources */,
				408B53E32C1A94D5003DE834 /* CooworkaApp.swift in Sources */,
				63819FC62C24819400826F04 /* EmotNText.swift in Sources */,
				63B96D882C232E3300078480 /* ReviewPage1.swift in Sources */,
				63D45AFC2C23CDE100FEC85A /* StarRatingComponent.swift in Sources */,
				63B96D862C23249300078480 /* ReviewPageInitial.swift in Sources */,
				A8B07B452C226CFC005F662E /* CloudKitManager.swift in Sources */,
				63D333CE2C21E3B300036379 /* User Level.swift in Sources */,
				406D8A422C22955A00A4B724 /* SearchNearby.swift in Sources */,
				63D333C62C21E38D00036379 /* Check In.swift in Sources */,
				A8B07B432C226C9F005F662E /* CloudKitRecord.swift in Sources */,
				63D333C82C21E39600036379 /* User.swift in Sources */,
				63B96D8B2C2338A900078480 /* LineProgressReview.swift in Sources */,
				406D8A442C22957200A4B724 /* SignInApple.swift in Sources */,
				63B5C7572C25211E0056341A /* KetersediaanParkirElement.swift in Sources */,
				630C1EB42C23DFDE007A5CA7 /* YesOrNoRating.swift in Sources */,
				63819FC42C247EED00826F04 /* EmoticonComponent.swift in Sources */,
				63D333D02C21E3B900036379 /* Foto.swift in Sources */,
				63819FC02C2469A300826F04 /* SocketQty.swift in Sources */,
				63D333C42C21E17800036379 /* Cafe.swift in Sources */,
				63D333CA2C21E3A200036379 /* Review.swift in Sources */,
				63D45AFE2C23D1F000FEC85A /* StarRating.swift in Sources */,
				630C1EB62C23F20F007A5CA7 /* PreviewYesNoButton.swift in Sources */,
				A8B07B4A2C2274CD005F662E /* ContentViewModel.swift in Sources */,
				63D333D22C21E3BE00036379 /* Level.swift in Sources */,
				406D8A402C22953A00A4B724 /* PageReview.swift in Sources */,
				63819FBE2C244A2500826F04 /* ReviewPage2.swift in Sources */,
				A8B07B482C226D92005F662E /* CafeRepository.swift in Sources */,
				63D333CC2C21E3AD00036379 /* Quick Survey.swift in Sources */,
			);
			runOnlyForDeploymentPostprocessing = 0;
		};
		408B53EB2C1A94D7003DE834 /* Sources */ = {
			isa = PBXSourcesBuildPhase;
			buildActionMask = 2147483647;
			files = (
				408B53F42C1A94D7003DE834 /* CooworkaTests.swift in Sources */,
			);
			runOnlyForDeploymentPostprocessing = 0;
		};
		408B53F52C1A94D7003DE834 /* Sources */ = {
			isa = PBXSourcesBuildPhase;
			buildActionMask = 2147483647;
			files = (
				408B54002C1A94D7003DE834 /* CooworkaUITestsLaunchTests.swift in Sources */,
				408B53FE2C1A94D7003DE834 /* CooworkaUITests.swift in Sources */,
			);
			runOnlyForDeploymentPostprocessing = 0;
		};
/* End PBXSourcesBuildPhase section */

/* Begin PBXTargetDependency section */
		408B53F12C1A94D7003DE834 /* PBXTargetDependency */ = {
			isa = PBXTargetDependency;
			target = 408B53DE2C1A94D5003DE834 /* Cooworka */;
			targetProxy = 408B53F02C1A94D7003DE834 /* PBXContainerItemProxy */;
		};
		408B53FB2C1A94D7003DE834 /* PBXTargetDependency */ = {
			isa = PBXTargetDependency;
			target = 408B53DE2C1A94D5003DE834 /* Cooworka */;
			targetProxy = 408B53FA2C1A94D7003DE834 /* PBXContainerItemProxy */;
		};
/* End PBXTargetDependency section */

/* Begin XCBuildConfiguration section */
		408B54012C1A94D7003DE834 /* Debug */ = {
			isa = XCBuildConfiguration;
			buildSettings = {
				ALWAYS_SEARCH_USER_PATHS = NO;
				ASSETCATALOG_COMPILER_GENERATE_SWIFT_ASSET_SYMBOL_EXTENSIONS = YES;
				CLANG_ANALYZER_NONNULL = YES;
				CLANG_ANALYZER_NUMBER_OBJECT_CONVERSION = YES_AGGRESSIVE;
				CLANG_CXX_LANGUAGE_STANDARD = "gnu++20";
				CLANG_ENABLE_MODULES = YES;
				CLANG_ENABLE_OBJC_ARC = YES;
				CLANG_ENABLE_OBJC_WEAK = YES;
				CLANG_WARN_BLOCK_CAPTURE_AUTORELEASING = YES;
				CLANG_WARN_BOOL_CONVERSION = YES;
				CLANG_WARN_COMMA = YES;
				CLANG_WARN_CONSTANT_CONVERSION = YES;
				CLANG_WARN_DEPRECATED_OBJC_IMPLEMENTATIONS = YES;
				CLANG_WARN_DIRECT_OBJC_ISA_USAGE = YES_ERROR;
				CLANG_WARN_DOCUMENTATION_COMMENTS = YES;
				CLANG_WARN_EMPTY_BODY = YES;
				CLANG_WARN_ENUM_CONVERSION = YES;
				CLANG_WARN_INFINITE_RECURSION = YES;
				CLANG_WARN_INT_CONVERSION = YES;
				CLANG_WARN_NON_LITERAL_NULL_CONVERSION = YES;
				CLANG_WARN_OBJC_IMPLICIT_RETAIN_SELF = YES;
				CLANG_WARN_OBJC_LITERAL_CONVERSION = YES;
				CLANG_WARN_OBJC_ROOT_CLASS = YES_ERROR;
				CLANG_WARN_QUOTED_INCLUDE_IN_FRAMEWORK_HEADER = YES;
				CLANG_WARN_RANGE_LOOP_ANALYSIS = YES;
				CLANG_WARN_STRICT_PROTOTYPES = YES;
				CLANG_WARN_SUSPICIOUS_MOVE = YES;
				CLANG_WARN_UNGUARDED_AVAILABILITY = YES_AGGRESSIVE;
				CLANG_WARN_UNREACHABLE_CODE = YES;
				CLANG_WARN__DUPLICATE_METHOD_MATCH = YES;
				COPY_PHASE_STRIP = NO;
				DEBUG_INFORMATION_FORMAT = dwarf;
				ENABLE_STRICT_OBJC_MSGSEND = YES;
				ENABLE_TESTABILITY = YES;
				ENABLE_USER_SCRIPT_SANDBOXING = YES;
				GCC_C_LANGUAGE_STANDARD = gnu17;
				GCC_DYNAMIC_NO_PIC = NO;
				GCC_NO_COMMON_BLOCKS = YES;
				GCC_OPTIMIZATION_LEVEL = 0;
				GCC_PREPROCESSOR_DEFINITIONS = (
					"DEBUG=1",
					"$(inherited)",
				);
				GCC_WARN_64_TO_32_BIT_CONVERSION = YES;
				GCC_WARN_ABOUT_RETURN_TYPE = YES_ERROR;
				GCC_WARN_UNDECLARED_SELECTOR = YES;
				GCC_WARN_UNINITIALIZED_AUTOS = YES_AGGRESSIVE;
				GCC_WARN_UNUSED_FUNCTION = YES;
				GCC_WARN_UNUSED_VARIABLE = YES;
				IPHONEOS_DEPLOYMENT_TARGET = 17.2;
				LOCALIZATION_PREFERS_STRING_CATALOGS = YES;
				MTL_ENABLE_DEBUG_INFO = INCLUDE_SOURCE;
				MTL_FAST_MATH = YES;
				ONLY_ACTIVE_ARCH = YES;
				SDKROOT = iphoneos;
				SWIFT_ACTIVE_COMPILATION_CONDITIONS = "DEBUG $(inherited)";
				SWIFT_OPTIMIZATION_LEVEL = "-Onone";
			};
			name = Debug;
		};
		408B54022C1A94D7003DE834 /* Release */ = {
			isa = XCBuildConfiguration;
			buildSettings = {
				ALWAYS_SEARCH_USER_PATHS = NO;
				ASSETCATALOG_COMPILER_GENERATE_SWIFT_ASSET_SYMBOL_EXTENSIONS = YES;
				CLANG_ANALYZER_NONNULL = YES;
				CLANG_ANALYZER_NUMBER_OBJECT_CONVERSION = YES_AGGRESSIVE;
				CLANG_CXX_LANGUAGE_STANDARD = "gnu++20";
				CLANG_ENABLE_MODULES = YES;
				CLANG_ENABLE_OBJC_ARC = YES;
				CLANG_ENABLE_OBJC_WEAK = YES;
				CLANG_WARN_BLOCK_CAPTURE_AUTORELEASING = YES;
				CLANG_WARN_BOOL_CONVERSION = YES;
				CLANG_WARN_COMMA = YES;
				CLANG_WARN_CONSTANT_CONVERSION = YES;
				CLANG_WARN_DEPRECATED_OBJC_IMPLEMENTATIONS = YES;
				CLANG_WARN_DIRECT_OBJC_ISA_USAGE = YES_ERROR;
				CLANG_WARN_DOCUMENTATION_COMMENTS = YES;
				CLANG_WARN_EMPTY_BODY = YES;
				CLANG_WARN_ENUM_CONVERSION = YES;
				CLANG_WARN_INFINITE_RECURSION = YES;
				CLANG_WARN_INT_CONVERSION = YES;
				CLANG_WARN_NON_LITERAL_NULL_CONVERSION = YES;
				CLANG_WARN_OBJC_IMPLICIT_RETAIN_SELF = YES;
				CLANG_WARN_OBJC_LITERAL_CONVERSION = YES;
				CLANG_WARN_OBJC_ROOT_CLASS = YES_ERROR;
				CLANG_WARN_QUOTED_INCLUDE_IN_FRAMEWORK_HEADER = YES;
				CLANG_WARN_RANGE_LOOP_ANALYSIS = YES;
				CLANG_WARN_STRICT_PROTOTYPES = YES;
				CLANG_WARN_SUSPICIOUS_MOVE = YES;
				CLANG_WARN_UNGUARDED_AVAILABILITY = YES_AGGRESSIVE;
				CLANG_WARN_UNREACHABLE_CODE = YES;
				CLANG_WARN__DUPLICATE_METHOD_MATCH = YES;
				COPY_PHASE_STRIP = NO;
				DEBUG_INFORMATION_FORMAT = "dwarf-with-dsym";
				ENABLE_NS_ASSERTIONS = NO;
				ENABLE_STRICT_OBJC_MSGSEND = YES;
				ENABLE_USER_SCRIPT_SANDBOXING = YES;
				GCC_C_LANGUAGE_STANDARD = gnu17;
				GCC_NO_COMMON_BLOCKS = YES;
				GCC_WARN_64_TO_32_BIT_CONVERSION = YES;
				GCC_WARN_ABOUT_RETURN_TYPE = YES_ERROR;
				GCC_WARN_UNDECLARED_SELECTOR = YES;
				GCC_WARN_UNINITIALIZED_AUTOS = YES_AGGRESSIVE;
				GCC_WARN_UNUSED_FUNCTION = YES;
				GCC_WARN_UNUSED_VARIABLE = YES;
				IPHONEOS_DEPLOYMENT_TARGET = 17.2;
				LOCALIZATION_PREFERS_STRING_CATALOGS = YES;
				MTL_ENABLE_DEBUG_INFO = NO;
				MTL_FAST_MATH = YES;
				SDKROOT = iphoneos;
				SWIFT_COMPILATION_MODE = wholemodule;
				VALIDATE_PRODUCT = YES;
			};
			name = Release;
		};
		408B54042C1A94D7003DE834 /* Debug */ = {
			isa = XCBuildConfiguration;
			buildSettings = {
				ASSETCATALOG_COMPILER_APPICON_NAME = AppIcon;
				ASSETCATALOG_COMPILER_GLOBAL_ACCENT_COLOR_NAME = AccentColor;
				CODE_SIGN_STYLE = Automatic;
				CURRENT_PROJECT_VERSION = 1;
				DEVELOPMENT_ASSET_PATHS = "\"Cooworka/Preview Content\"";
				DEVELOPMENT_TEAM = 6Y742356Q3;
				ENABLE_PREVIEWS = YES;
				GENERATE_INFOPLIST_FILE = YES;
				INFOPLIST_FILE = Cooworka/Info.plist;
				INFOPLIST_KEY_NSLocationWhenInUseUsageDescription = "Cooworka need your location to find nearby cafes.";
				INFOPLIST_KEY_UIApplicationSceneManifest_Generation = YES;
				INFOPLIST_KEY_UIApplicationSupportsIndirectInputEvents = YES;
				INFOPLIST_KEY_UILaunchScreen_Generation = YES;
				INFOPLIST_KEY_UISupportedInterfaceOrientations_iPad = "UIInterfaceOrientationPortrait UIInterfaceOrientationPortraitUpsideDown UIInterfaceOrientationLandscapeLeft UIInterfaceOrientationLandscapeRight";
				INFOPLIST_KEY_UISupportedInterfaceOrientations_iPhone = "UIInterfaceOrientationPortrait UIInterfaceOrientationLandscapeLeft UIInterfaceOrientationLandscapeRight";
				LD_RUNPATH_SEARCH_PATHS = (
					"$(inherited)",
					"@executable_path/Frameworks",
				);
				MARKETING_VERSION = 1.0;
				PRODUCT_BUNDLE_IDENTIFIER = id.Natasha.Cooworka;
				PRODUCT_NAME = "$(TARGET_NAME)";
				SWIFT_EMIT_LOC_STRINGS = YES;
				SWIFT_VERSION = 5.0;
				TARGETED_DEVICE_FAMILY = "1,2";
			};
			name = Debug;
		};
		408B54052C1A94D7003DE834 /* Release */ = {
			isa = XCBuildConfiguration;
			buildSettings = {
				ASSETCATALOG_COMPILER_APPICON_NAME = AppIcon;
				ASSETCATALOG_COMPILER_GLOBAL_ACCENT_COLOR_NAME = AccentColor;
				CODE_SIGN_STYLE = Automatic;
				CURRENT_PROJECT_VERSION = 1;
				DEVELOPMENT_ASSET_PATHS = "\"Cooworka/Preview Content\"";
				DEVELOPMENT_TEAM = 6Y742356Q3;
				ENABLE_PREVIEWS = YES;
				GENERATE_INFOPLIST_FILE = YES;
				INFOPLIST_FILE = Cooworka/Info.plist;
				INFOPLIST_KEY_NSLocationWhenInUseUsageDescription = "Cooworka need your location to find nearby cafes.";
				INFOPLIST_KEY_UIApplicationSceneManifest_Generation = YES;
				INFOPLIST_KEY_UIApplicationSupportsIndirectInputEvents = YES;
				INFOPLIST_KEY_UILaunchScreen_Generation = YES;
				INFOPLIST_KEY_UISupportedInterfaceOrientations_iPad = "UIInterfaceOrientationPortrait UIInterfaceOrientationPortraitUpsideDown UIInterfaceOrientationLandscapeLeft UIInterfaceOrientationLandscapeRight";
				INFOPLIST_KEY_UISupportedInterfaceOrientations_iPhone = "UIInterfaceOrientationPortrait UIInterfaceOrientationLandscapeLeft UIInterfaceOrientationLandscapeRight";
				LD_RUNPATH_SEARCH_PATHS = (
					"$(inherited)",
					"@executable_path/Frameworks",
				);
				MARKETING_VERSION = 1.0;
				PRODUCT_BUNDLE_IDENTIFIER = id.Natasha.Cooworka;
				PRODUCT_NAME = "$(TARGET_NAME)";
				SWIFT_EMIT_LOC_STRINGS = YES;
				SWIFT_VERSION = 5.0;
				TARGETED_DEVICE_FAMILY = "1,2";
			};
			name = Release;
		};
		408B54072C1A94D7003DE834 /* Debug */ = {
			isa = XCBuildConfiguration;
			buildSettings = {
				ALWAYS_EMBED_SWIFT_STANDARD_LIBRARIES = YES;
				BUNDLE_LOADER = "$(TEST_HOST)";
				CODE_SIGN_STYLE = Automatic;
				CURRENT_PROJECT_VERSION = 1;
				DEVELOPMENT_TEAM = 6Y742356Q3;
				GENERATE_INFOPLIST_FILE = YES;
				IPHONEOS_DEPLOYMENT_TARGET = 17.2;
				MARKETING_VERSION = 1.0;
				PRODUCT_BUNDLE_IDENTIFIER = id.Natasha.CooworkaTests;
				PRODUCT_NAME = "$(TARGET_NAME)";
				SWIFT_EMIT_LOC_STRINGS = NO;
				SWIFT_VERSION = 5.0;
				TARGETED_DEVICE_FAMILY = "1,2";
				TEST_HOST = "$(BUILT_PRODUCTS_DIR)/Cooworka.app/$(BUNDLE_EXECUTABLE_FOLDER_PATH)/Cooworka";
			};
			name = Debug;
		};
		408B54082C1A94D7003DE834 /* Release */ = {
			isa = XCBuildConfiguration;
			buildSettings = {
				ALWAYS_EMBED_SWIFT_STANDARD_LIBRARIES = YES;
				BUNDLE_LOADER = "$(TEST_HOST)";
				CODE_SIGN_STYLE = Automatic;
				CURRENT_PROJECT_VERSION = 1;
				DEVELOPMENT_TEAM = 6Y742356Q3;
				GENERATE_INFOPLIST_FILE = YES;
				IPHONEOS_DEPLOYMENT_TARGET = 17.2;
				MARKETING_VERSION = 1.0;
				PRODUCT_BUNDLE_IDENTIFIER = id.Natasha.CooworkaTests;
				PRODUCT_NAME = "$(TARGET_NAME)";
				SWIFT_EMIT_LOC_STRINGS = NO;
				SWIFT_VERSION = 5.0;
				TARGETED_DEVICE_FAMILY = "1,2";
				TEST_HOST = "$(BUILT_PRODUCTS_DIR)/Cooworka.app/$(BUNDLE_EXECUTABLE_FOLDER_PATH)/Cooworka";
			};
			name = Release;
		};
		408B540A2C1A94D7003DE834 /* Debug */ = {
			isa = XCBuildConfiguration;
			buildSettings = {
				ALWAYS_EMBED_SWIFT_STANDARD_LIBRARIES = YES;
				CODE_SIGN_STYLE = Automatic;
				CURRENT_PROJECT_VERSION = 1;
				DEVELOPMENT_TEAM = 6Y742356Q3;
				GENERATE_INFOPLIST_FILE = YES;
				MARKETING_VERSION = 1.0;
				PRODUCT_BUNDLE_IDENTIFIER = id.Natasha.CooworkaUITests;
				PRODUCT_NAME = "$(TARGET_NAME)";
				SWIFT_EMIT_LOC_STRINGS = NO;
				SWIFT_VERSION = 5.0;
				TARGETED_DEVICE_FAMILY = "1,2";
				TEST_TARGET_NAME = Cooworka;
			};
			name = Debug;
		};
		408B540B2C1A94D7003DE834 /* Release */ = {
			isa = XCBuildConfiguration;
			buildSettings = {
				ALWAYS_EMBED_SWIFT_STANDARD_LIBRARIES = YES;
				CODE_SIGN_STYLE = Automatic;
				CURRENT_PROJECT_VERSION = 1;
				DEVELOPMENT_TEAM = 6Y742356Q3;
				GENERATE_INFOPLIST_FILE = YES;
				MARKETING_VERSION = 1.0;
				PRODUCT_BUNDLE_IDENTIFIER = id.Natasha.CooworkaUITests;
				PRODUCT_NAME = "$(TARGET_NAME)";
				SWIFT_EMIT_LOC_STRINGS = NO;
				SWIFT_VERSION = 5.0;
				TARGETED_DEVICE_FAMILY = "1,2";
				TEST_TARGET_NAME = Cooworka;
			};
			name = Release;
		};
/* End XCBuildConfiguration section */

/* Begin XCConfigurationList section */
		408B53DA2C1A94D5003DE834 /* Build configuration list for PBXProject "Cooworka" */ = {
			isa = XCConfigurationList;
			buildConfigurations = (
				408B54012C1A94D7003DE834 /* Debug */,
				408B54022C1A94D7003DE834 /* Release */,
			);
			defaultConfigurationIsVisible = 0;
			defaultConfigurationName = Release;
		};
		408B54032C1A94D7003DE834 /* Build configuration list for PBXNativeTarget "Cooworka" */ = {
			isa = XCConfigurationList;
			buildConfigurations = (
				408B54042C1A94D7003DE834 /* Debug */,
				408B54052C1A94D7003DE834 /* Release */,
			);
			defaultConfigurationIsVisible = 0;
			defaultConfigurationName = Release;
		};
		408B54062C1A94D7003DE834 /* Build configuration list for PBXNativeTarget "CooworkaTests" */ = {
			isa = XCConfigurationList;
			buildConfigurations = (
				408B54072C1A94D7003DE834 /* Debug */,
				408B54082C1A94D7003DE834 /* Release */,
			);
			defaultConfigurationIsVisible = 0;
			defaultConfigurationName = Release;
		};
		408B54092C1A94D7003DE834 /* Build configuration list for PBXNativeTarget "CooworkaUITests" */ = {
			isa = XCConfigurationList;
			buildConfigurations = (
				408B540A2C1A94D7003DE834 /* Debug */,
				408B540B2C1A94D7003DE834 /* Release */,
			);
			defaultConfigurationIsVisible = 0;
			defaultConfigurationName = Release;
		};
/* End XCConfigurationList section */
	};
	rootObject = 408B53D72C1A94D5003DE834 /* Project object */;
}
